// !$*UTF8*$!
{
	archiveVersion = 1;
	classes = {
	};
	objectVersion = 56;
	objects = {

/* Begin PBXBuildFile section */
		3C75B1C32C77BF320045E709 /* AppDelegate.swift in Sources */ = {isa = PBXBuildFile; fileRef = 3C75B1C22C77BF320045E709 /* AppDelegate.swift */; };
		3C75B1C52C77BF320045E709 /* SceneDelegate.swift in Sources */ = {isa = PBXBuildFile; fileRef = 3C75B1C42C77BF320045E709 /* SceneDelegate.swift */; };
		3C75B1C72C77BF320045E709 /* TrackerViewController.swift in Sources */ = {isa = PBXBuildFile; fileRef = 3C75B1C62C77BF320045E709 /* TrackerViewController.swift */; };
		3C75B1CC2C77BF330045E709 /* Assets.xcassets in Resources */ = {isa = PBXBuildFile; fileRef = 3C75B1CB2C77BF330045E709 /* Assets.xcassets */; };
		3C75B1CF2C77BF330045E709 /* Base in Resources */ = {isa = PBXBuildFile; fileRef = 3C75B1CE2C77BF330045E709 /* Base */; };
		3CB438CA2C7B9BA800E3614F /* TabBarViewController.swift in Sources */ = {isa = PBXBuildFile; fileRef = 3CB438C92C7B9BA800E3614F /* TabBarViewController.swift */; };
		3CB438CF2C7B9D6500E3614F /* StatisticViewController.swift in Sources */ = {isa = PBXBuildFile; fileRef = 3CB438CE2C7B9D6500E3614F /* StatisticViewController.swift */; };
		3CB438D12C7BA6E900E3614F /* TrackerView.swift in Sources */ = {isa = PBXBuildFile; fileRef = 3CB438D02C7BA6E900E3614F /* TrackerView.swift */; };
		3CB438D32C7CEF1C00E3614F /* DummyView.swift in Sources */ = {isa = PBXBuildFile; fileRef = 3CB438D22C7CEF1C00E3614F /* DummyView.swift */; };
		3CB438D62C7CF24800E3614F /* AppImages.swift in Sources */ = {isa = PBXBuildFile; fileRef = 3CB438D52C7CF24800E3614F /* AppImages.swift */; };
		3CB438D82C7CF8A800E3614F /* StatisticView.swift in Sources */ = {isa = PBXBuildFile; fileRef = 3CB438D72C7CF8A800E3614F /* StatisticView.swift */; };
		3CB438DB2C84D67600E3614F /* Tracker.swift in Sources */ = {isa = PBXBuildFile; fileRef = 3CB438DA2C84D67600E3614F /* Tracker.swift */; };
		3CB438DD2C84D88600E3614F /* TrackerCategory.swift in Sources */ = {isa = PBXBuildFile; fileRef = 3CB438DC2C84D88600E3614F /* TrackerCategory.swift */; };
		3CB438DF2C84DA3600E3614F /* TrackerRecord.swift in Sources */ = {isa = PBXBuildFile; fileRef = 3CB438DE2C84DA3600E3614F /* TrackerRecord.swift */; };
		3CC22E2D2C7A632F00265819 /* AppColorSettings.swift in Sources */ = {isa = PBXBuildFile; fileRef = 3CC22E2C2C7A632F00265819 /* AppColorSettings.swift */; };
		3CC22E302C7A637900265819 /* UIColor+Extensions.swift in Sources */ = {isa = PBXBuildFile; fileRef = 3CC22E2F2C7A637900265819 /* UIColor+Extensions.swift */; };
/* End PBXBuildFile section */

/* Begin PBXFileReference section */
		3C75B1BF2C77BF310045E709 /* Tracker.app */ = {isa = PBXFileReference; explicitFileType = wrapper.application; includeInIndex = 0; path = Tracker.app; sourceTree = BUILT_PRODUCTS_DIR; };
		3C75B1C22C77BF320045E709 /* AppDelegate.swift */ = {isa = PBXFileReference; lastKnownFileType = sourcecode.swift; path = AppDelegate.swift; sourceTree = "<group>"; };
		3C75B1C42C77BF320045E709 /* SceneDelegate.swift */ = {isa = PBXFileReference; lastKnownFileType = sourcecode.swift; path = SceneDelegate.swift; sourceTree = "<group>"; };
		3C75B1C62C77BF320045E709 /* TrackerViewController.swift */ = {isa = PBXFileReference; lastKnownFileType = sourcecode.swift; path = TrackerViewController.swift; sourceTree = "<group>"; };
		3C75B1CB2C77BF330045E709 /* Assets.xcassets */ = {isa = PBXFileReference; lastKnownFileType = folder.assetcatalog; path = Assets.xcassets; sourceTree = "<group>"; };
		3C75B1CE2C77BF330045E709 /* Base */ = {isa = PBXFileReference; lastKnownFileType = file.storyboard; name = Base; path = Base.lproj/LaunchScreen.storyboard; sourceTree = "<group>"; };
		3C75B1D02C77BF330045E709 /* Info.plist */ = {isa = PBXFileReference; lastKnownFileType = text.plist.xml; path = Info.plist; sourceTree = "<group>"; };
		3CB438C92C7B9BA800E3614F /* TabBarViewController.swift */ = {isa = PBXFileReference; lastKnownFileType = sourcecode.swift; path = TabBarViewController.swift; sourceTree = "<group>"; };
		3CB438CE2C7B9D6500E3614F /* StatisticViewController.swift */ = {isa = PBXFileReference; lastKnownFileType = sourcecode.swift; path = StatisticViewController.swift; sourceTree = "<group>"; };
		3CB438D02C7BA6E900E3614F /* TrackerView.swift */ = {isa = PBXFileReference; lastKnownFileType = sourcecode.swift; path = TrackerView.swift; sourceTree = "<group>"; };
		3CB438D22C7CEF1C00E3614F /* DummyView.swift */ = {isa = PBXFileReference; lastKnownFileType = sourcecode.swift; path = DummyView.swift; sourceTree = "<group>"; };
		3CB438D52C7CF24800E3614F /* AppImages.swift */ = {isa = PBXFileReference; lastKnownFileType = sourcecode.swift; path = AppImages.swift; sourceTree = "<group>"; };
		3CB438D72C7CF8A800E3614F /* StatisticView.swift */ = {isa = PBXFileReference; lastKnownFileType = sourcecode.swift; path = StatisticView.swift; sourceTree = "<group>"; };
		3CB438DA2C84D67600E3614F /* Tracker.swift */ = {isa = PBXFileReference; lastKnownFileType = sourcecode.swift; path = Tracker.swift; sourceTree = "<group>"; };
		3CB438DC2C84D88600E3614F /* TrackerCategory.swift */ = {isa = PBXFileReference; lastKnownFileType = sourcecode.swift; path = TrackerCategory.swift; sourceTree = "<group>"; };
		3CB438DE2C84DA3600E3614F /* TrackerRecord.swift */ = {isa = PBXFileReference; lastKnownFileType = sourcecode.swift; path = TrackerRecord.swift; sourceTree = "<group>"; };
		3CC22E2C2C7A632F00265819 /* AppColorSettings.swift */ = {isa = PBXFileReference; lastKnownFileType = sourcecode.swift; path = AppColorSettings.swift; sourceTree = "<group>"; };
		3CC22E2F2C7A637900265819 /* UIColor+Extensions.swift */ = {isa = PBXFileReference; lastKnownFileType = sourcecode.swift; path = "UIColor+Extensions.swift"; sourceTree = "<group>"; };
/* End PBXFileReference section */

/* Begin PBXFrameworksBuildPhase section */
		3C75B1BC2C77BF310045E709 /* Frameworks */ = {
			isa = PBXFrameworksBuildPhase;
			buildActionMask = 2147483647;
			files = (
			);
			runOnlyForDeploymentPostprocessing = 0;
		};
/* End PBXFrameworksBuildPhase section */

/* Begin PBXGroup section */
		3C75B1B62C77BF310045E709 = {
			isa = PBXGroup;
			children = (
				3C75B1C12C77BF320045E709 /* Tracker */,
				3C75B1C02C77BF310045E709 /* Products */,
			);
			sourceTree = "<group>";
		};
		3C75B1C02C77BF310045E709 /* Products */ = {
			isa = PBXGroup;
			children = (
				3C75B1BF2C77BF310045E709 /* Tracker.app */,
			);
			name = Products;
			sourceTree = "<group>";
		};
		3C75B1C12C77BF320045E709 /* Tracker */ = {
			isa = PBXGroup;
			children = (
				3CC22E312C7A63DF00265819 /* Navigation */,
				3CB438C82C7B9B3300E3614F /* Presentation */,
				3CC22E2E2C7A636300265819 /* Extensions */,
				3CC22E2A2C77C0F700265819 /* SystemFiles */,
				3CC22E2B2C7A62D500265819 /* AppSettings */,
			);
			path = Tracker;
			sourceTree = "<group>";
		};
		3CB438C82C7B9B3300E3614F /* Presentation */ = {
			isa = PBXGroup;
			children = (
				3CB438CB2C7B9D3100E3614F /* Tracker */,
				3CB438CC2C7B9D3A00E3614F /* Statistic */,
				3CB438D42C7CF0CF00E3614F /* Dummy */,
			);
			path = Presentation;
			sourceTree = "<group>";
		};
		3CB438CB2C7B9D3100E3614F /* Tracker */ = {
			isa = PBXGroup;
			children = (
				3C75B1C62C77BF320045E709 /* TrackerViewController.swift */,
				3CB438D02C7BA6E900E3614F /* TrackerView.swift */,
				3CB438D92C84D66D00E3614F /* Models */,
			);
			path = Tracker;
			sourceTree = "<group>";
		};
		3CB438CC2C7B9D3A00E3614F /* Statistic */ = {
			isa = PBXGroup;
			children = (
				3CB438CE2C7B9D6500E3614F /* StatisticViewController.swift */,
				3CB438D72C7CF8A800E3614F /* StatisticView.swift */,
			);
			path = Statistic;
			sourceTree = "<group>";
		};
		3CB438D42C7CF0CF00E3614F /* Dummy */ = {
			isa = PBXGroup;
			children = (
				3CB438D22C7CEF1C00E3614F /* DummyView.swift */,
			);
			path = Dummy;
			sourceTree = "<group>";
		};
		3CB438D92C84D66D00E3614F /* Models */ = {
			isa = PBXGroup;
			children = (
				3CB438DA2C84D67600E3614F /* Tracker.swift */,
				3CB438DC2C84D88600E3614F /* TrackerCategory.swift */,
				3CB438DE2C84DA3600E3614F /* TrackerRecord.swift */,
			);
			path = Models;
			sourceTree = "<group>";
		};
		3CC22E2A2C77C0F700265819 /* SystemFiles */ = {
			isa = PBXGroup;
			children = (
				3C75B1C22C77BF320045E709 /* AppDelegate.swift */,
				3C75B1C42C77BF320045E709 /* SceneDelegate.swift */,
				3C75B1CB2C77BF330045E709 /* Assets.xcassets */,
				3C75B1CD2C77BF330045E709 /* LaunchScreen.storyboard */,
				3C75B1D02C77BF330045E709 /* Info.plist */,
			);
			path = SystemFiles;
			sourceTree = "<group>";
		};
		3CC22E2B2C7A62D500265819 /* AppSettings */ = {
			isa = PBXGroup;
			children = (
				3CC22E2C2C7A632F00265819 /* AppColorSettings.swift */,
				3CB438D52C7CF24800E3614F /* AppImages.swift */,
			);
			path = AppSettings;
			sourceTree = "<group>";
		};
		3CC22E2E2C7A636300265819 /* Extensions */ = {
			isa = PBXGroup;
			children = (
				3CC22E2F2C7A637900265819 /* UIColor+Extensions.swift */,
			);
			path = Extensions;
			sourceTree = "<group>";
		};
		3CC22E312C7A63DF00265819 /* Navigation */ = {
			isa = PBXGroup;
			children = (
				3CB438C92C7B9BA800E3614F /* TabBarViewController.swift */,
			);
			path = Navigation;
			sourceTree = "<group>";
		};
/* End PBXGroup section */

/* Begin PBXNativeTarget section */
		3C75B1BE2C77BF310045E709 /* Tracker */ = {
			isa = PBXNativeTarget;
			buildConfigurationList = 3C75B1D32C77BF330045E709 /* Build configuration list for PBXNativeTarget "Tracker" */;
			buildPhases = (
				3C75B1BB2C77BF310045E709 /* Sources */,
				3C75B1BC2C77BF310045E709 /* Frameworks */,
				3C75B1BD2C77BF310045E709 /* Resources */,
			);
			buildRules = (
			);
			dependencies = (
			);
			name = Tracker;
			productName = Tracker;
			productReference = 3C75B1BF2C77BF310045E709 /* Tracker.app */;
			productType = "com.apple.product-type.application";
		};
/* End PBXNativeTarget section */

/* Begin PBXProject section */
		3C75B1B72C77BF310045E709 /* Project object */ = {
			isa = PBXProject;
			attributes = {
				BuildIndependentTargetsInParallel = 1;
				LastSwiftUpdateCheck = 1540;
				LastUpgradeCheck = 1540;
				TargetAttributes = {
					3C75B1BE2C77BF310045E709 = {
						CreatedOnToolsVersion = 15.4;
					};
				};
			};
			buildConfigurationList = 3C75B1BA2C77BF310045E709 /* Build configuration list for PBXProject "Tracker" */;
			compatibilityVersion = "Xcode 14.0";
			developmentRegion = en;
			hasScannedForEncodings = 0;
			knownRegions = (
				en,
				Base,
			);
			mainGroup = 3C75B1B62C77BF310045E709;
			productRefGroup = 3C75B1C02C77BF310045E709 /* Products */;
			projectDirPath = "";
			projectRoot = "";
			targets = (
				3C75B1BE2C77BF310045E709 /* Tracker */,
			);
		};
/* End PBXProject section */

/* Begin PBXResourcesBuildPhase section */
		3C75B1BD2C77BF310045E709 /* Resources */ = {
			isa = PBXResourcesBuildPhase;
			buildActionMask = 2147483647;
			files = (
				3C75B1CC2C77BF330045E709 /* Assets.xcassets in Resources */,
				3C75B1CF2C77BF330045E709 /* Base in Resources */,
			);
			runOnlyForDeploymentPostprocessing = 0;
		};
/* End PBXResourcesBuildPhase section */

/* Begin PBXSourcesBuildPhase section */
		3C75B1BB2C77BF310045E709 /* Sources */ = {
			isa = PBXSourcesBuildPhase;
			buildActionMask = 2147483647;
			files = (
				3CB438DB2C84D67600E3614F /* Tracker.swift in Sources */,
				3C75B1C72C77BF320045E709 /* TrackerViewController.swift in Sources */,
				3CB438CF2C7B9D6500E3614F /* StatisticViewController.swift in Sources */,
				3CB438DF2C84DA3600E3614F /* TrackerRecord.swift in Sources */,
				3CC22E302C7A637900265819 /* UIColor+Extensions.swift in Sources */,
				3CB438D12C7BA6E900E3614F /* TrackerView.swift in Sources */,
				3CB438DD2C84D88600E3614F /* TrackerCategory.swift in Sources */,
				3CB438D32C7CEF1C00E3614F /* DummyView.swift in Sources */,
				3C75B1C32C77BF320045E709 /* AppDelegate.swift in Sources */,
				3CC22E2D2C7A632F00265819 /* AppColorSettings.swift in Sources */,
				3CB438CA2C7B9BA800E3614F /* TabBarViewController.swift in Sources */,
				3CB438D62C7CF24800E3614F /* AppImages.swift in Sources */,
				3CB438D82C7CF8A800E3614F /* StatisticView.swift in Sources */,
				3C75B1C52C77BF320045E709 /* SceneDelegate.swift in Sources */,
			);
			runOnlyForDeploymentPostprocessing = 0;
		};
/* End PBXSourcesBuildPhase section */

/* Begin PBXVariantGroup section */
		3C75B1CD2C77BF330045E709 /* LaunchScreen.storyboard */ = {
			isa = PBXVariantGroup;
			children = (
				3C75B1CE2C77BF330045E709 /* Base */,
			);
			name = LaunchScreen.storyboard;
			sourceTree = "<group>";
		};
/* End PBXVariantGroup section */

/* Begin XCBuildConfiguration section */
		3C75B1D12C77BF330045E709 /* Debug */ = {
			isa = XCBuildConfiguration;
			buildSettings = {
				ALWAYS_SEARCH_USER_PATHS = NO;
				ASSETCATALOG_COMPILER_GENERATE_SWIFT_ASSET_SYMBOL_EXTENSIONS = YES;
				CLANG_ANALYZER_NONNULL = YES;
				CLANG_ANALYZER_NUMBER_OBJECT_CONVERSION = YES_AGGRESSIVE;
				CLANG_CXX_LANGUAGE_STANDARD = "gnu++20";
				CLANG_ENABLE_MODULES = YES;
				CLANG_ENABLE_OBJC_ARC = YES;
				CLANG_ENABLE_OBJC_WEAK = YES;
				CLANG_WARN_BLOCK_CAPTURE_AUTORELEASING = YES;
				CLANG_WARN_BOOL_CONVERSION = YES;
				CLANG_WARN_COMMA = YES;
				CLANG_WARN_CONSTANT_CONVERSION = YES;
				CLANG_WARN_DEPRECATED_OBJC_IMPLEMENTATIONS = YES;
				CLANG_WARN_DIRECT_OBJC_ISA_USAGE = YES_ERROR;
				CLANG_WARN_DOCUMENTATION_COMMENTS = YES;
				CLANG_WARN_EMPTY_BODY = YES;
				CLANG_WARN_ENUM_CONVERSION = YES;
				CLANG_WARN_INFINITE_RECURSION = YES;
				CLANG_WARN_INT_CONVERSION = YES;
				CLANG_WARN_NON_LITERAL_NULL_CONVERSION = YES;
				CLANG_WARN_OBJC_IMPLICIT_RETAIN_SELF = YES;
				CLANG_WARN_OBJC_LITERAL_CONVERSION = YES;
				CLANG_WARN_OBJC_ROOT_CLASS = YES_ERROR;
				CLANG_WARN_QUOTED_INCLUDE_IN_FRAMEWORK_HEADER = YES;
				CLANG_WARN_RANGE_LOOP_ANALYSIS = YES;
				CLANG_WARN_STRICT_PROTOTYPES = YES;
				CLANG_WARN_SUSPICIOUS_MOVE = YES;
				CLANG_WARN_UNGUARDED_AVAILABILITY = YES_AGGRESSIVE;
				CLANG_WARN_UNREACHABLE_CODE = YES;
				CLANG_WARN__DUPLICATE_METHOD_MATCH = YES;
				COPY_PHASE_STRIP = NO;
				DEBUG_INFORMATION_FORMAT = dwarf;
				ENABLE_STRICT_OBJC_MSGSEND = YES;
				ENABLE_TESTABILITY = YES;
				ENABLE_USER_SCRIPT_SANDBOXING = YES;
				GCC_C_LANGUAGE_STANDARD = gnu17;
				GCC_DYNAMIC_NO_PIC = NO;
				GCC_NO_COMMON_BLOCKS = YES;
				GCC_OPTIMIZATION_LEVEL = 0;
				GCC_PREPROCESSOR_DEFINITIONS = (
					"DEBUG=1",
					"$(inherited)",
				);
				GCC_WARN_64_TO_32_BIT_CONVERSION = YES;
				GCC_WARN_ABOUT_RETURN_TYPE = YES_ERROR;
				GCC_WARN_UNDECLARED_SELECTOR = YES;
				GCC_WARN_UNINITIALIZED_AUTOS = YES_AGGRESSIVE;
				GCC_WARN_UNUSED_FUNCTION = YES;
				GCC_WARN_UNUSED_VARIABLE = YES;
				IPHONEOS_DEPLOYMENT_TARGET = 13.4;
				LOCALIZATION_PREFERS_STRING_CATALOGS = YES;
				MTL_ENABLE_DEBUG_INFO = INCLUDE_SOURCE;
				MTL_FAST_MATH = YES;
				ONLY_ACTIVE_ARCH = YES;
				SDKROOT = iphoneos;
				SWIFT_ACTIVE_COMPILATION_CONDITIONS = "DEBUG $(inherited)";
				SWIFT_OPTIMIZATION_LEVEL = "-Onone";
			};
			name = Debug;
		};
		3C75B1D22C77BF330045E709 /* Release */ = {
			isa = XCBuildConfiguration;
			buildSettings = {
				ALWAYS_SEARCH_USER_PATHS = NO;
				ASSETCATALOG_COMPILER_GENERATE_SWIFT_ASSET_SYMBOL_EXTENSIONS = YES;
				CLANG_ANALYZER_NONNULL = YES;
				CLANG_ANALYZER_NUMBER_OBJECT_CONVERSION = YES_AGGRESSIVE;
				CLANG_CXX_LANGUAGE_STANDARD = "gnu++20";
				CLANG_ENABLE_MODULES = YES;
				CLANG_ENABLE_OBJC_ARC = YES;
				CLANG_ENABLE_OBJC_WEAK = YES;
				CLANG_WARN_BLOCK_CAPTURE_AUTORELEASING = YES;
				CLANG_WARN_BOOL_CONVERSION = YES;
				CLANG_WARN_COMMA = YES;
				CLANG_WARN_CONSTANT_CONVERSION = YES;
				CLANG_WARN_DEPRECATED_OBJC_IMPLEMENTATIONS = YES;
				CLANG_WARN_DIRECT_OBJC_ISA_USAGE = YES_ERROR;
				CLANG_WARN_DOCUMENTATION_COMMENTS = YES;
				CLANG_WARN_EMPTY_BODY = YES;
				CLANG_WARN_ENUM_CONVERSION = YES;
				CLANG_WARN_INFINITE_RECURSION = YES;
				CLANG_WARN_INT_CONVERSION = YES;
				CLANG_WARN_NON_LITERAL_NULL_CONVERSION = YES;
				CLANG_WARN_OBJC_IMPLICIT_RETAIN_SELF = YES;
				CLANG_WARN_OBJC_LITERAL_CONVERSION = YES;
				CLANG_WARN_OBJC_ROOT_CLASS = YES_ERROR;
				CLANG_WARN_QUOTED_INCLUDE_IN_FRAMEWORK_HEADER = YES;
				CLANG_WARN_RANGE_LOOP_ANALYSIS = YES;
				CLANG_WARN_STRICT_PROTOTYPES = YES;
				CLANG_WARN_SUSPICIOUS_MOVE = YES;
				CLANG_WARN_UNGUARDED_AVAILABILITY = YES_AGGRESSIVE;
				CLANG_WARN_UNREACHABLE_CODE = YES;
				CLANG_WARN__DUPLICATE_METHOD_MATCH = YES;
				COPY_PHASE_STRIP = NO;
				DEBUG_INFORMATION_FORMAT = "dwarf-with-dsym";
				ENABLE_NS_ASSERTIONS = NO;
				ENABLE_STRICT_OBJC_MSGSEND = YES;
				ENABLE_USER_SCRIPT_SANDBOXING = YES;
				GCC_C_LANGUAGE_STANDARD = gnu17;
				GCC_NO_COMMON_BLOCKS = YES;
				GCC_WARN_64_TO_32_BIT_CONVERSION = YES;
				GCC_WARN_ABOUT_RETURN_TYPE = YES_ERROR;
				GCC_WARN_UNDECLARED_SELECTOR = YES;
				GCC_WARN_UNINITIALIZED_AUTOS = YES_AGGRESSIVE;
				GCC_WARN_UNUSED_FUNCTION = YES;
				GCC_WARN_UNUSED_VARIABLE = YES;
				IPHONEOS_DEPLOYMENT_TARGET = 13.4;
				LOCALIZATION_PREFERS_STRING_CATALOGS = YES;
				MTL_ENABLE_DEBUG_INFO = NO;
				MTL_FAST_MATH = YES;
				SDKROOT = iphoneos;
				SWIFT_COMPILATION_MODE = wholemodule;
				VALIDATE_PRODUCT = YES;
			};
			name = Release;
		};
		3C75B1D42C77BF330045E709 /* Debug */ = {
			isa = XCBuildConfiguration;
			buildSettings = {
				ASSETCATALOG_COMPILER_APPICON_NAME = AppIcon;
				ASSETCATALOG_COMPILER_GLOBAL_ACCENT_COLOR_NAME = AccentColor;
				CODE_SIGN_STYLE = Automatic;
				CURRENT_PROJECT_VERSION = 1;
				DEVELOPMENT_TEAM = 3T4L6EX6TF;
				GENERATE_INFOPLIST_FILE = YES;
				INFOPLIST_FILE = Tracker/SystemFiles/Info.plist;
				INFOPLIST_KEY_LSApplicationCategoryType = "public.app-category.productivity";
				INFOPLIST_KEY_UIApplicationSupportsIndirectInputEvents = YES;
				INFOPLIST_KEY_UILaunchStoryboardName = LaunchScreen;
				INFOPLIST_KEY_UIStatusBarStyle = "";
				INFOPLIST_KEY_UISupportedInterfaceOrientations = UIInterfaceOrientationPortrait;
				INFOPLIST_KEY_UISupportedInterfaceOrientations_iPad = "UIInterfaceOrientationLandscapeLeft UIInterfaceOrientationLandscapeRight UIInterfaceOrientationPortraitUpsideDown";
				IPHONEOS_DEPLOYMENT_TARGET = 13.4;
				LD_RUNPATH_SEARCH_PATHS = (
					"$(inherited)",
					"@executable_path/Frameworks",
				);
				MARKETING_VERSION = 1.0;
				PRODUCT_BUNDLE_IDENTIFIER = ru.yandex.practicum.Tracker;
				PRODUCT_NAME = "$(TARGET_NAME)";
				SUPPORTED_PLATFORMS = "iphoneos iphonesimulator";
				SUPPORTS_MACCATALYST = NO;
				SUPPORTS_MAC_DESIGNED_FOR_IPHONE_IPAD = NO;
				SUPPORTS_XR_DESIGNED_FOR_IPHONE_IPAD = NO;
				SWIFT_EMIT_LOC_STRINGS = YES;
				SWIFT_VERSION = 5.0;
				TARGETED_DEVICE_FAMILY = 1;
			};
			name = Debug;
		};
		3C75B1D52C77BF330045E709 /* Release */ = {
			isa = XCBuildConfiguration;
			buildSettings = {
				ASSETCATALOG_COMPILER_APPICON_NAME = AppIcon;
				ASSETCATALOG_COMPILER_GLOBAL_ACCENT_COLOR_NAME = AccentColor;
				CODE_SIGN_STYLE = Automatic;
				CURRENT_PROJECT_VERSION = 1;
				DEVELOPMENT_TEAM = 3T4L6EX6TF;
				GENERATE_INFOPLIST_FILE = YES;
				INFOPLIST_FILE = Tracker/SystemFiles/Info.plist;
				INFOPLIST_KEY_LSApplicationCategoryType = "public.app-category.productivity";
				INFOPLIST_KEY_UIApplicationSupportsIndirectInputEvents = YES;
				INFOPLIST_KEY_UILaunchStoryboardName = LaunchScreen;
				INFOPLIST_KEY_UIStatusBarStyle = "";
				INFOPLIST_KEY_UISupportedInterfaceOrientations = UIInterfaceOrientationPortrait;
				INFOPLIST_KEY_UISupportedInterfaceOrientations_iPad = "UIInterfaceOrientationLandscapeLeft UIInterfaceOrientationLandscapeRight UIInterfaceOrientationPortraitUpsideDown";
				IPHONEOS_DEPLOYMENT_TARGET = 13.4;
				LD_RUNPATH_SEARCH_PATHS = (
					"$(inherited)",
					"@executable_path/Frameworks",
				);
				MARKETING_VERSION = 1.0;
				PRODUCT_BUNDLE_IDENTIFIER = ru.yandex.practicum.Tracker;
				PRODUCT_NAME = "$(TARGET_NAME)";
				SUPPORTED_PLATFORMS = "iphoneos iphonesimulator";
				SUPPORTS_MACCATALYST = NO;
				SUPPORTS_MAC_DESIGNED_FOR_IPHONE_IPAD = NO;
				SUPPORTS_XR_DESIGNED_FOR_IPHONE_IPAD = NO;
				SWIFT_EMIT_LOC_STRINGS = YES;
				SWIFT_VERSION = 5.0;
				TARGETED_DEVICE_FAMILY = 1;
			};
			name = Release;
		};
/* End XCBuildConfiguration section */

/* Begin XCConfigurationList section */
		3C75B1BA2C77BF310045E709 /* Build configuration list for PBXProject "Tracker" */ = {
			isa = XCConfigurationList;
			buildConfigurations = (
				3C75B1D12C77BF330045E709 /* Debug */,
				3C75B1D22C77BF330045E709 /* Release */,
			);
			defaultConfigurationIsVisible = 0;
			defaultConfigurationName = Release;
		};
		3C75B1D32C77BF330045E709 /* Build configuration list for PBXNativeTarget "Tracker" */ = {
			isa = XCConfigurationList;
			buildConfigurations = (
				3C75B1D42C77BF330045E709 /* Debug */,
				3C75B1D52C77BF330045E709 /* Release */,
			);
			defaultConfigurationIsVisible = 0;
			defaultConfigurationName = Release;
		};
/* End XCConfigurationList section */
	};
	rootObject = 3C75B1B72C77BF310045E709 /* Project object */;
}
