// !$*UTF8*$!
{
	archiveVersion = 1;
	classes = {
	};
	objectVersion = 56;
	objects = {

/* Begin PBXBuildFile section */
		3C05A8EC2CBACA37000670C2 /* InfoPlist.strings in Resources */ = {isa = PBXBuildFile; fileRef = 3C05A8EA2CBACA37000670C2 /* InfoPlist.strings */; };
		3C05A8FF2CBC3767000670C2 /* TrackerTests.swift in Sources */ = {isa = PBXBuildFile; fileRef = 3C05A8FD2CBC3767000670C2 /* TrackerTests.swift */; };
		3C05A9022CBC3816000670C2 /* InlineSnapshotTesting in Frameworks */ = {isa = PBXBuildFile; productRef = 3C05A9012CBC3816000670C2 /* InlineSnapshotTesting */; };
		3C05A9042CBC3816000670C2 /* SnapshotTesting in Frameworks */ = {isa = PBXBuildFile; productRef = 3C05A9032CBC3816000670C2 /* SnapshotTesting */; };
		3C165A832CA484D500824FD9 /* TrackerStoreDelegate.swift in Sources */ = {isa = PBXBuildFile; fileRef = 3C165A822CA484D500824FD9 /* TrackerStoreDelegate.swift */; };
		3C165A852CA5144000824FD9 /* UIColorMarshalling.swift in Sources */ = {isa = PBXBuildFile; fileRef = 3C165A842CA5144000824FD9 /* UIColorMarshalling.swift */; };
		3C165A8D2CA5D12900824FD9 /* StoreErrors.swift in Sources */ = {isa = PBXBuildFile; fileRef = 3C165A8B2CA5D12900824FD9 /* StoreErrors.swift */; };
		3C165B092CAC70E800824FD9 /* UserAppSettingsStorage.swift in Sources */ = {isa = PBXBuildFile; fileRef = 3C165B072CAC70E800824FD9 /* UserAppSettingsStorage.swift */; };
		3C165B0B2CAC70F600824FD9 /* UserAppSettingsStorageProtocol.swift in Sources */ = {isa = PBXBuildFile; fileRef = 3C165B0A2CAC70F600824FD9 /* UserAppSettingsStorageProtocol.swift */; };
		3C165B0F2CAC746E00824FD9 /* OnboardingViewController.swift in Sources */ = {isa = PBXBuildFile; fileRef = 3C165B0E2CAC746E00824FD9 /* OnboardingViewController.swift */; };
		3C165B112CAC78B900824FD9 /* OnboardingPageViewController.swift in Sources */ = {isa = PBXBuildFile; fileRef = 3C165B102CAC78B900824FD9 /* OnboardingPageViewController.swift */; };
		3C165B132CADA82700824FD9 /* UIView+Extensions.swift in Sources */ = {isa = PBXBuildFile; fileRef = 3C165B122CADA82700824FD9 /* UIView+Extensions.swift */; };
		3C165B152CADA90A00824FD9 /* OnboardingPageView.swift in Sources */ = {isa = PBXBuildFile; fileRef = 3C165B142CADA90A00824FD9 /* OnboardingPageView.swift */; };
		3C165B192CADAC3800824FD9 /* OnboardingPage.swift in Sources */ = {isa = PBXBuildFile; fileRef = 3C165B182CADAC3800824FD9 /* OnboardingPage.swift */; };
		3C165B3A2CB117EA00824FD9 /* DummyModel.swift in Sources */ = {isa = PBXBuildFile; fileRef = 3C165B392CB117EA00824FD9 /* DummyModel.swift */; };
		3C165B3E2CB11D9C00824FD9 /* CategoryViewController.swift in Sources */ = {isa = PBXBuildFile; fileRef = 3C165B3D2CB11D9C00824FD9 /* CategoryViewController.swift */; };
		3C165B402CB11DC400824FD9 /* CategoryView.swift in Sources */ = {isa = PBXBuildFile; fileRef = 3C165B3F2CB11DC400824FD9 /* CategoryView.swift */; };
		3C165B442CB1264C00824FD9 /* CategoryViewControllerDelegate.swift in Sources */ = {isa = PBXBuildFile; fileRef = 3C165B432CB1264C00824FD9 /* CategoryViewControllerDelegate.swift */; };
		3C165B482CB1729200824FD9 /* MainTableViewCell.swift in Sources */ = {isa = PBXBuildFile; fileRef = 3C165B472CB1729200824FD9 /* MainTableViewCell.swift */; };
		3C165B4E2CB1A47E00824FD9 /* CreateCategoryViewController.swift in Sources */ = {isa = PBXBuildFile; fileRef = 3C165B4C2CB1A47E00824FD9 /* CreateCategoryViewController.swift */; };
		3C165B502CB1A48800824FD9 /* CreateCategoryView.swift in Sources */ = {isa = PBXBuildFile; fileRef = 3C165B4F2CB1A48800824FD9 /* CreateCategoryView.swift */; };
		3C165B542CB1AD9400824FD9 /* CreateCategoryMode.swift in Sources */ = {isa = PBXBuildFile; fileRef = 3C165B532CB1AD9400824FD9 /* CreateCategoryMode.swift */; };
		3C165B562CB1B6A800824FD9 /* AppConstants.swift in Sources */ = {isa = PBXBuildFile; fileRef = 3C165B552CB1B6A800824FD9 /* AppConstants.swift */; };
		3C165B5B2CB1BA4F00824FD9 /* CreateCategoryViewControllerDelegate.swift in Sources */ = {isa = PBXBuildFile; fileRef = 3C165B5A2CB1BA4F00824FD9 /* CreateCategoryViewControllerDelegate.swift */; };
		3C165B612CB2F9E100824FD9 /* CategoryViewModel.swift in Sources */ = {isa = PBXBuildFile; fileRef = 3C165B602CB2F9E100824FD9 /* CategoryViewModel.swift */; };
		3C165B682CB3198D00824FD9 /* AlertPresenter.swift in Sources */ = {isa = PBXBuildFile; fileRef = 3C165B672CB3198D00824FD9 /* AlertPresenter.swift */; };
		3C165B6E2CB319DB00824FD9 /* AlertModel.swift in Sources */ = {isa = PBXBuildFile; fileRef = 3C165B6C2CB319DB00824FD9 /* AlertModel.swift */; };
		3C165B702CB319E900824FD9 /* AlertPresenterProtocol.swift in Sources */ = {isa = PBXBuildFile; fileRef = 3C165B6F2CB319E900824FD9 /* AlertPresenterProtocol.swift */; };
		3C165B742CB5B56D00824FD9 /* Notification+Extensions.swift in Sources */ = {isa = PBXBuildFile; fileRef = 3C165B732CB5B56D00824FD9 /* Notification+Extensions.swift */; };
		3C19B00D2CB853CB001FB127 /* Localizable.strings in Resources */ = {isa = PBXBuildFile; fileRef = 3C19B00B2CB853CB001FB127 /* Localizable.strings */; };
		3C19B0102CB859E8001FB127 /* Localizable.stringsdict in Resources */ = {isa = PBXBuildFile; fileRef = 3C19B00E2CB859E8001FB127 /* Localizable.stringsdict */; };
		3C1EBC942C99E1E8006E0D02 /* TrackersDataBase.xcdatamodeld in Sources */ = {isa = PBXBuildFile; fileRef = 3C1EBC922C99E1E8006E0D02 /* TrackersDataBase.xcdatamodeld */; };
		3C1EBC962C99E5B5006E0D02 /* DaysValueTransformer.swift in Sources */ = {isa = PBXBuildFile; fileRef = 3C1EBC952C99E5B5006E0D02 /* DaysValueTransformer.swift */; };
		3C1EBCBB2C9A0012006E0D02 /* CoreDataStack.swift in Sources */ = {isa = PBXBuildFile; fileRef = 3C1EBCBA2C9A0012006E0D02 /* CoreDataStack.swift */; };
		3C30EB082CC82DC300B5CC73 /* AnalyticServiceProtocol.swift in Sources */ = {isa = PBXBuildFile; fileRef = 3C30EB072CC82DC300B5CC73 /* AnalyticServiceProtocol.swift */; };
		3C30EB0C2CC8331500B5CC73 /* AnalyticItems.swift in Sources */ = {isa = PBXBuildFile; fileRef = 3C30EB0B2CC8331500B5CC73 /* AnalyticItems.swift */; };
		3C30EB0E2CC835FB00B5CC73 /* AnalyticScreens.swift in Sources */ = {isa = PBXBuildFile; fileRef = 3C30EB0D2CC835FB00B5CC73 /* AnalyticScreens.swift */; };
		3C41E8882CC5814E00CADBB7 /* DummyPlaceHolder.swift in Sources */ = {isa = PBXBuildFile; fileRef = 3C41E8872CC5814E00CADBB7 /* DummyPlaceHolder.swift */; };
		3C41E88C2CC6D8BB00CADBB7 /* StatisticCollectionViewCell.swift in Sources */ = {isa = PBXBuildFile; fileRef = 3C41E88B2CC6D8BB00CADBB7 /* StatisticCollectionViewCell.swift */; };
		3C41E88E2CC6E4C500CADBB7 /* CGPoint+Extensions.swift in Sources */ = {isa = PBXBuildFile; fileRef = 3C41E88D2CC6E4C500CADBB7 /* CGPoint+Extensions.swift */; };
		3C41E8922CC6E52D00CADBB7 /* StatisticModel.swift in Sources */ = {isa = PBXBuildFile; fileRef = 3C41E8912CC6E52D00CADBB7 /* StatisticModel.swift */; };
		3C41E8942CC8041100CADBB7 /* StatisticService.swift in Sources */ = {isa = PBXBuildFile; fileRef = 3C41E8932CC8041100CADBB7 /* StatisticService.swift */; };
		3C41E8962CC807D800CADBB7 /* StatisticServiceProtocol.swift in Sources */ = {isa = PBXBuildFile; fileRef = 3C41E8952CC807D800CADBB7 /* StatisticServiceProtocol.swift */; };
		3C41E8982CC8219A00CADBB7 /* AnalyticsService.swift in Sources */ = {isa = PBXBuildFile; fileRef = 3C41E8972CC8219A00CADBB7 /* AnalyticsService.swift */; };
		3C62898B2C8AE6E2003CE842 /* NewTrackerView.swift in Sources */ = {isa = PBXBuildFile; fileRef = 3C62898A2C8AE6E2003CE842 /* NewTrackerView.swift */; };
		3C62898E2C8AE717003CE842 /* NewTrackerViewController.swift in Sources */ = {isa = PBXBuildFile; fileRef = 3C62898D2C8AE717003CE842 /* NewTrackerViewController.swift */; };
		3C6289912C8AE95E003CE842 /* TrackerType.swift in Sources */ = {isa = PBXBuildFile; fileRef = 3C6289902C8AE95E003CE842 /* TrackerType.swift */; };
		3C6289962C8B0CA9003CE842 /* Emoji.swift in Sources */ = {isa = PBXBuildFile; fileRef = 3C6289952C8B0CA9003CE842 /* Emoji.swift */; };
		3C6289982C8B1359003CE842 /* EmojiCollectionViewCell.swift in Sources */ = {isa = PBXBuildFile; fileRef = 3C6289972C8B1359003CE842 /* EmojiCollectionViewCell.swift */; };
		3C62899A2C8B1C5D003CE842 /* UICollectionView+Extension.swift in Sources */ = {isa = PBXBuildFile; fileRef = 3C6289992C8B1C5D003CE842 /* UICollectionView+Extension.swift */; };
		3C62899C2C8B54E9003CE842 /* ColorCollectionViewCell.swift in Sources */ = {isa = PBXBuildFile; fileRef = 3C62899B2C8B54E9003CE842 /* ColorCollectionViewCell.swift */; };
		3C6289A02C8B7087003CE842 /* SupplementaryView.swift in Sources */ = {isa = PBXBuildFile; fileRef = 3C62899F2C8B7087003CE842 /* SupplementaryView.swift */; };
		3C6289A32C8B83EA003CE842 /* CellSelectProtocol.swift in Sources */ = {isa = PBXBuildFile; fileRef = 3C6289A22C8B83EA003CE842 /* CellSelectProtocol.swift */; };
		3C6289A52C8C2FC6003CE842 /* UITextField+Extensions.swift in Sources */ = {isa = PBXBuildFile; fileRef = 3C6289A42C8C2FC6003CE842 /* UITextField+Extensions.swift */; };
		3C6289A82C8C9D1F003CE842 /* NewTrackerTableViewCell.swift in Sources */ = {isa = PBXBuildFile; fileRef = 3C6289A72C8C9D1F003CE842 /* NewTrackerTableViewCell.swift */; };
		3C6289AB2C8D8117003CE842 /* ScheduleViewController.swift in Sources */ = {isa = PBXBuildFile; fileRef = 3C6289AA2C8D8117003CE842 /* ScheduleViewController.swift */; };
		3C6289AD2C8D8164003CE842 /* ScheduleView.swift in Sources */ = {isa = PBXBuildFile; fileRef = 3C6289AC2C8D8164003CE842 /* ScheduleView.swift */; };
		3C6289B02C8D8191003CE842 /* WeekDayModel.swift in Sources */ = {isa = PBXBuildFile; fileRef = 3C6289AF2C8D8191003CE842 /* WeekDayModel.swift */; };
		3C6289B22C8D81B0003CE842 /* WeekDay.swift in Sources */ = {isa = PBXBuildFile; fileRef = 3C6289B12C8D81B0003CE842 /* WeekDay.swift */; };
		3C6289B52C8D9166003CE842 /* ScheduleTableViewCell.swift in Sources */ = {isa = PBXBuildFile; fileRef = 3C6289B42C8D9166003CE842 /* ScheduleTableViewCell.swift */; };
		3C6289B72C8D9971003CE842 /* UITableView+Extensions.swift in Sources */ = {isa = PBXBuildFile; fileRef = 3C6289B62C8D9971003CE842 /* UITableView+Extensions.swift */; };
		3C6289BC2C8DE37D003CE842 /* ScheduleTableViewCellProtocol.swift in Sources */ = {isa = PBXBuildFile; fileRef = 3C6289BB2C8DE37D003CE842 /* ScheduleTableViewCellProtocol.swift */; };
		3C6289BE2C8DE902003CE842 /* ScheduleViewControllerDelegate.swift in Sources */ = {isa = PBXBuildFile; fileRef = 3C6289BD2C8DE902003CE842 /* ScheduleViewControllerDelegate.swift */; };
		3C6289C22C8E1F1E003CE842 /* TrackerCollectionViewCell.swift in Sources */ = {isa = PBXBuildFile; fileRef = 3C6289C12C8E1F1E003CE842 /* TrackerCollectionViewCell.swift */; };
		3C6289C42C8F5EF6003CE842 /* TrackerCollectionViewHeader.swift in Sources */ = {isa = PBXBuildFile; fileRef = 3C6289C32C8F5EF6003CE842 /* TrackerCollectionViewHeader.swift */; };
		3C6289C92C8F7227003CE842 /* TrackerCollectionViewCellDelegate.swift in Sources */ = {isa = PBXBuildFile; fileRef = 3C6289C82C8F7227003CE842 /* TrackerCollectionViewCellDelegate.swift */; };
		3C6289D12C90D1A2003CE842 /* NewTrackerViewControllerDelegate.swift in Sources */ = {isa = PBXBuildFile; fileRef = 3C6289D02C90D1A2003CE842 /* NewTrackerViewControllerDelegate.swift */; };
		3C6289D42C90D4F3003CE842 /* CreateTrackerViewControllerDelegate.swift in Sources */ = {isa = PBXBuildFile; fileRef = 3C6289D32C90D4F3003CE842 /* CreateTrackerViewControllerDelegate.swift */; };
		3C6289D62C935EA8003CE842 /* UIViewController+Extensions.swift in Sources */ = {isa = PBXBuildFile; fileRef = 3C6289D52C935EA8003CE842 /* UIViewController+Extensions.swift */; };
		3C75B1C32C77BF320045E709 /* AppDelegate.swift in Sources */ = {isa = PBXBuildFile; fileRef = 3C75B1C22C77BF320045E709 /* AppDelegate.swift */; };
		3C75B1C52C77BF320045E709 /* SceneDelegate.swift in Sources */ = {isa = PBXBuildFile; fileRef = 3C75B1C42C77BF320045E709 /* SceneDelegate.swift */; };
		3C75B1C72C77BF320045E709 /* TrackerViewController.swift in Sources */ = {isa = PBXBuildFile; fileRef = 3C75B1C62C77BF320045E709 /* TrackerViewController.swift */; };
		3C75B1CC2C77BF330045E709 /* Assets.xcassets in Resources */ = {isa = PBXBuildFile; fileRef = 3C75B1CB2C77BF330045E709 /* Assets.xcassets */; };
		3C75B1CF2C77BF330045E709 /* Base in Resources */ = {isa = PBXBuildFile; fileRef = 3C75B1CE2C77BF330045E709 /* Base */; };
		3C85FA5A2C9F080F00E4109A /* TrackerStore.swift in Sources */ = {isa = PBXBuildFile; fileRef = 3C85FA592C9F080F00E4109A /* TrackerStore.swift */; };
		3C85FA5C2C9F081600E4109A /* TrackerCategoryStore.swift in Sources */ = {isa = PBXBuildFile; fileRef = 3C85FA5B2C9F081600E4109A /* TrackerCategoryStore.swift */; };
		3C85FA5E2C9F081E00E4109A /* TrackerRecordStore.swift in Sources */ = {isa = PBXBuildFile; fileRef = 3C85FA5D2C9F081E00E4109A /* TrackerRecordStore.swift */; };
		3C85FA622C9F091000E4109A /* CoreDataStackProtocol.swift in Sources */ = {isa = PBXBuildFile; fileRef = 3C85FA602C9F091000E4109A /* CoreDataStackProtocol.swift */; };
		3C85FA662C9F429D00E4109A /* TrackerStoreProtocol.swift in Sources */ = {isa = PBXBuildFile; fileRef = 3C85FA652C9F429D00E4109A /* TrackerStoreProtocol.swift */; };
		3C85FA682C9F42C000E4109A /* TrackerCategoryStoreProtocol.swift in Sources */ = {isa = PBXBuildFile; fileRef = 3C85FA672C9F42C000E4109A /* TrackerCategoryStoreProtocol.swift */; };
		3C85FA6A2C9F431500E4109A /* TrackerRecordStoreProtocol.swift in Sources */ = {isa = PBXBuildFile; fileRef = 3C85FA692C9F431500E4109A /* TrackerRecordStoreProtocol.swift */; };
		3C87228C2CC3F20100205A3A /* FilterType.swift in Sources */ = {isa = PBXBuildFile; fileRef = 3C87228B2CC3F20100205A3A /* FilterType.swift */; };
		3C87228E2CC3F30400205A3A /* FilterViewController.swift in Sources */ = {isa = PBXBuildFile; fileRef = 3C87228D2CC3F30400205A3A /* FilterViewController.swift */; };
		3C8722902CC3F8CD00205A3A /* FilterView.swift in Sources */ = {isa = PBXBuildFile; fileRef = 3C87228F2CC3F8CD00205A3A /* FilterView.swift */; };
		3C8722922CC40DE000205A3A /* UITableViewCell+Extensions.swift in Sources */ = {isa = PBXBuildFile; fileRef = 3C8722912CC40DE000205A3A /* UITableViewCell+Extensions.swift */; };
		3C8722982CC46A0E00205A3A /* FilterViewControllerDelegate.swift in Sources */ = {isa = PBXBuildFile; fileRef = 3C8722972CC46A0E00205A3A /* FilterViewControllerDelegate.swift */; };
		3CB438CA2C7B9BA800E3614F /* TabBarViewController.swift in Sources */ = {isa = PBXBuildFile; fileRef = 3CB438C92C7B9BA800E3614F /* TabBarViewController.swift */; };
		3CB438CF2C7B9D6500E3614F /* StatisticViewController.swift in Sources */ = {isa = PBXBuildFile; fileRef = 3CB438CE2C7B9D6500E3614F /* StatisticViewController.swift */; };
		3CB438D12C7BA6E900E3614F /* TrackerView.swift in Sources */ = {isa = PBXBuildFile; fileRef = 3CB438D02C7BA6E900E3614F /* TrackerView.swift */; };
		3CB438D32C7CEF1C00E3614F /* DummyView.swift in Sources */ = {isa = PBXBuildFile; fileRef = 3CB438D22C7CEF1C00E3614F /* DummyView.swift */; };
		3CB438D62C7CF24800E3614F /* AppImages.swift in Sources */ = {isa = PBXBuildFile; fileRef = 3CB438D52C7CF24800E3614F /* AppImages.swift */; };
		3CB438D82C7CF8A800E3614F /* StatisticView.swift in Sources */ = {isa = PBXBuildFile; fileRef = 3CB438D72C7CF8A800E3614F /* StatisticView.swift */; };
		3CB438DB2C84D67600E3614F /* Tracker.swift in Sources */ = {isa = PBXBuildFile; fileRef = 3CB438DA2C84D67600E3614F /* Tracker.swift */; };
		3CB438DD2C84D88600E3614F /* TrackerCategory.swift in Sources */ = {isa = PBXBuildFile; fileRef = 3CB438DC2C84D88600E3614F /* TrackerCategory.swift */; };
		3CB438DF2C84DA3600E3614F /* TrackerRecord.swift in Sources */ = {isa = PBXBuildFile; fileRef = 3CB438DE2C84DA3600E3614F /* TrackerRecord.swift */; };
		3CB438E32C8AC11400E3614F /* CreateTrackerViewController.swift in Sources */ = {isa = PBXBuildFile; fileRef = 3CB438E22C8AC11400E3614F /* CreateTrackerViewController.swift */; };
		3CB438E52C8AC30200E3614F /* CreateTrackerView.swift in Sources */ = {isa = PBXBuildFile; fileRef = 3CB438E42C8AC30200E3614F /* CreateTrackerView.swift */; };
		3CC22E2D2C7A632F00265819 /* AppColorSettings.swift in Sources */ = {isa = PBXBuildFile; fileRef = 3CC22E2C2C7A632F00265819 /* AppColorSettings.swift */; };
		3CC22E302C7A637900265819 /* UIColor+Extensions.swift in Sources */ = {isa = PBXBuildFile; fileRef = 3CC22E2F2C7A637900265819 /* UIColor+Extensions.swift */; };
		CC68F29D9E604F4884EE8423 /* Pods_TrackerTests.framework in Frameworks */ = {isa = PBXBuildFile; fileRef = D9F719A9B8F4B4A9577B375D /* Pods_TrackerTests.framework */; };
		EAA61DBC130C680980C080AC /* Pods_Tracker.framework in Frameworks */ = {isa = PBXBuildFile; fileRef = B3122C535199DBFCE1382DD9 /* Pods_Tracker.framework */; };
/* End PBXBuildFile section */

/* Begin PBXContainerItemProxy section */
		3C05A8F82CBC3760000670C2 /* PBXContainerItemProxy */ = {
			isa = PBXContainerItemProxy;
			containerPortal = 3C75B1B72C77BF310045E709 /* Project object */;
			proxyType = 1;
			remoteGlobalIDString = 3C75B1BE2C77BF310045E709;
			remoteInfo = Tracker;
		};
/* End PBXContainerItemProxy section */

/* Begin PBXFileReference section */
		3C05A8EB2CBACA37000670C2 /* en */ = {isa = PBXFileReference; lastKnownFileType = text.plist.strings; name = en; path = en.lproj/InfoPlist.strings; sourceTree = "<group>"; };
		3C05A8EE2CBACA62000670C2 /* ru */ = {isa = PBXFileReference; lastKnownFileType = text.plist.strings; name = ru; path = ru.lproj/InfoPlist.strings; sourceTree = "<group>"; };
		3C05A8EF2CBACA7C000670C2 /* ru */ = {isa = PBXFileReference; lastKnownFileType = text.plist.stringsdict; name = ru; path = ru.lproj/Localizable.stringsdict; sourceTree = "<group>"; };
		3C05A8F42CBC375F000670C2 /* TrackerTests.xctest */ = {isa = PBXFileReference; explicitFileType = wrapper.cfbundle; includeInIndex = 0; path = TrackerTests.xctest; sourceTree = BUILT_PRODUCTS_DIR; };
		3C05A8FD2CBC3767000670C2 /* TrackerTests.swift */ = {isa = PBXFileReference; lastKnownFileType = sourcecode.swift; path = TrackerTests.swift; sourceTree = "<group>"; };
		3C165A822CA484D500824FD9 /* TrackerStoreDelegate.swift */ = {isa = PBXFileReference; lastKnownFileType = sourcecode.swift; path = TrackerStoreDelegate.swift; sourceTree = "<group>"; };
		3C165A842CA5144000824FD9 /* UIColorMarshalling.swift */ = {isa = PBXFileReference; lastKnownFileType = sourcecode.swift; path = UIColorMarshalling.swift; sourceTree = "<group>"; };
		3C165A8B2CA5D12900824FD9 /* StoreErrors.swift */ = {isa = PBXFileReference; lastKnownFileType = sourcecode.swift; path = StoreErrors.swift; sourceTree = "<group>"; };
		3C165B072CAC70E800824FD9 /* UserAppSettingsStorage.swift */ = {isa = PBXFileReference; lastKnownFileType = sourcecode.swift; path = UserAppSettingsStorage.swift; sourceTree = "<group>"; };
		3C165B0A2CAC70F600824FD9 /* UserAppSettingsStorageProtocol.swift */ = {isa = PBXFileReference; lastKnownFileType = sourcecode.swift; path = UserAppSettingsStorageProtocol.swift; sourceTree = "<group>"; };
		3C165B0E2CAC746E00824FD9 /* OnboardingViewController.swift */ = {isa = PBXFileReference; lastKnownFileType = sourcecode.swift; path = OnboardingViewController.swift; sourceTree = "<group>"; };
		3C165B102CAC78B900824FD9 /* OnboardingPageViewController.swift */ = {isa = PBXFileReference; lastKnownFileType = sourcecode.swift; path = OnboardingPageViewController.swift; sourceTree = "<group>"; };
		3C165B122CADA82700824FD9 /* UIView+Extensions.swift */ = {isa = PBXFileReference; lastKnownFileType = sourcecode.swift; path = "UIView+Extensions.swift"; sourceTree = "<group>"; };
		3C165B142CADA90A00824FD9 /* OnboardingPageView.swift */ = {isa = PBXFileReference; lastKnownFileType = sourcecode.swift; path = OnboardingPageView.swift; sourceTree = "<group>"; };
		3C165B182CADAC3800824FD9 /* OnboardingPage.swift */ = {isa = PBXFileReference; lastKnownFileType = sourcecode.swift; path = OnboardingPage.swift; sourceTree = "<group>"; };
		3C165B392CB117EA00824FD9 /* DummyModel.swift */ = {isa = PBXFileReference; lastKnownFileType = sourcecode.swift; path = DummyModel.swift; sourceTree = "<group>"; };
		3C165B3D2CB11D9C00824FD9 /* CategoryViewController.swift */ = {isa = PBXFileReference; lastKnownFileType = sourcecode.swift; path = CategoryViewController.swift; sourceTree = "<group>"; };
		3C165B3F2CB11DC400824FD9 /* CategoryView.swift */ = {isa = PBXFileReference; lastKnownFileType = sourcecode.swift; path = CategoryView.swift; sourceTree = "<group>"; };
		3C165B432CB1264C00824FD9 /* CategoryViewControllerDelegate.swift */ = {isa = PBXFileReference; lastKnownFileType = sourcecode.swift; path = CategoryViewControllerDelegate.swift; sourceTree = "<group>"; };
		3C165B472CB1729200824FD9 /* MainTableViewCell.swift */ = {isa = PBXFileReference; lastKnownFileType = sourcecode.swift; path = MainTableViewCell.swift; sourceTree = "<group>"; };
		3C165B4C2CB1A47E00824FD9 /* CreateCategoryViewController.swift */ = {isa = PBXFileReference; lastKnownFileType = sourcecode.swift; path = CreateCategoryViewController.swift; sourceTree = "<group>"; };
		3C165B4F2CB1A48800824FD9 /* CreateCategoryView.swift */ = {isa = PBXFileReference; lastKnownFileType = sourcecode.swift; path = CreateCategoryView.swift; sourceTree = "<group>"; };
		3C165B532CB1AD9400824FD9 /* CreateCategoryMode.swift */ = {isa = PBXFileReference; lastKnownFileType = sourcecode.swift; path = CreateCategoryMode.swift; sourceTree = "<group>"; };
		3C165B552CB1B6A800824FD9 /* AppConstants.swift */ = {isa = PBXFileReference; lastKnownFileType = sourcecode.swift; path = AppConstants.swift; sourceTree = "<group>"; };
		3C165B5A2CB1BA4F00824FD9 /* CreateCategoryViewControllerDelegate.swift */ = {isa = PBXFileReference; lastKnownFileType = sourcecode.swift; path = CreateCategoryViewControllerDelegate.swift; sourceTree = "<group>"; };
		3C165B602CB2F9E100824FD9 /* CategoryViewModel.swift */ = {isa = PBXFileReference; lastKnownFileType = sourcecode.swift; path = CategoryViewModel.swift; sourceTree = "<group>"; };
		3C165B672CB3198D00824FD9 /* AlertPresenter.swift */ = {isa = PBXFileReference; lastKnownFileType = sourcecode.swift; path = AlertPresenter.swift; sourceTree = "<group>"; };
		3C165B6C2CB319DB00824FD9 /* AlertModel.swift */ = {isa = PBXFileReference; lastKnownFileType = sourcecode.swift; path = AlertModel.swift; sourceTree = "<group>"; };
		3C165B6F2CB319E900824FD9 /* AlertPresenterProtocol.swift */ = {isa = PBXFileReference; lastKnownFileType = sourcecode.swift; path = AlertPresenterProtocol.swift; sourceTree = "<group>"; };
		3C165B732CB5B56D00824FD9 /* Notification+Extensions.swift */ = {isa = PBXFileReference; lastKnownFileType = sourcecode.swift; path = "Notification+Extensions.swift"; sourceTree = "<group>"; };
		3C19B0092CB853CB001FB127 /* en */ = {isa = PBXFileReference; lastKnownFileType = text.plist.strings; name = en; path = en.lproj/Localizable.strings; sourceTree = "<group>"; };
		3C19B00A2CB853CB001FB127 /* ru */ = {isa = PBXFileReference; lastKnownFileType = text.plist.strings; name = ru; path = ru.lproj/Localizable.strings; sourceTree = "<group>"; };
		3C19B00F2CB859E8001FB127 /* en */ = {isa = PBXFileReference; lastKnownFileType = text.plist.stringsdict; name = en; path = en.lproj/Localizable.stringsdict; sourceTree = "<group>"; };
		3C1EBC932C99E1E8006E0D02 /* Model.xcdatamodel */ = {isa = PBXFileReference; lastKnownFileType = wrapper.xcdatamodel; path = Model.xcdatamodel; sourceTree = "<group>"; };
		3C1EBC952C99E5B5006E0D02 /* DaysValueTransformer.swift */ = {isa = PBXFileReference; lastKnownFileType = sourcecode.swift; path = DaysValueTransformer.swift; sourceTree = "<group>"; };
		3C1EBCBA2C9A0012006E0D02 /* CoreDataStack.swift */ = {isa = PBXFileReference; lastKnownFileType = sourcecode.swift; path = CoreDataStack.swift; sourceTree = "<group>"; };
		3C30EB072CC82DC300B5CC73 /* AnalyticServiceProtocol.swift */ = {isa = PBXFileReference; lastKnownFileType = sourcecode.swift; path = AnalyticServiceProtocol.swift; sourceTree = "<group>"; };
		3C30EB0B2CC8331500B5CC73 /* AnalyticItems.swift */ = {isa = PBXFileReference; lastKnownFileType = sourcecode.swift; path = AnalyticItems.swift; sourceTree = "<group>"; };
		3C30EB0D2CC835FB00B5CC73 /* AnalyticScreens.swift */ = {isa = PBXFileReference; lastKnownFileType = sourcecode.swift; path = AnalyticScreens.swift; sourceTree = "<group>"; };
		3C41E8872CC5814E00CADBB7 /* DummyPlaceHolder.swift */ = {isa = PBXFileReference; lastKnownFileType = sourcecode.swift; path = DummyPlaceHolder.swift; sourceTree = "<group>"; };
		3C41E88B2CC6D8BB00CADBB7 /* StatisticCollectionViewCell.swift */ = {isa = PBXFileReference; lastKnownFileType = sourcecode.swift; path = StatisticCollectionViewCell.swift; sourceTree = "<group>"; };
		3C41E88D2CC6E4C500CADBB7 /* CGPoint+Extensions.swift */ = {isa = PBXFileReference; lastKnownFileType = sourcecode.swift; path = "CGPoint+Extensions.swift"; sourceTree = "<group>"; };
		3C41E8912CC6E52D00CADBB7 /* StatisticModel.swift */ = {isa = PBXFileReference; lastKnownFileType = sourcecode.swift; path = StatisticModel.swift; sourceTree = "<group>"; };
		3C41E8932CC8041100CADBB7 /* StatisticService.swift */ = {isa = PBXFileReference; lastKnownFileType = sourcecode.swift; path = StatisticService.swift; sourceTree = "<group>"; };
		3C41E8952CC807D800CADBB7 /* StatisticServiceProtocol.swift */ = {isa = PBXFileReference; lastKnownFileType = sourcecode.swift; path = StatisticServiceProtocol.swift; sourceTree = "<group>"; };
		3C41E8972CC8219A00CADBB7 /* AnalyticsService.swift */ = {isa = PBXFileReference; lastKnownFileType = sourcecode.swift; path = AnalyticsService.swift; sourceTree = "<group>"; };
		3C62898A2C8AE6E2003CE842 /* NewTrackerView.swift */ = {isa = PBXFileReference; lastKnownFileType = sourcecode.swift; path = NewTrackerView.swift; sourceTree = "<group>"; };
		3C62898D2C8AE717003CE842 /* NewTrackerViewController.swift */ = {isa = PBXFileReference; lastKnownFileType = sourcecode.swift; path = NewTrackerViewController.swift; sourceTree = "<group>"; };
		3C6289902C8AE95E003CE842 /* TrackerType.swift */ = {isa = PBXFileReference; lastKnownFileType = sourcecode.swift; path = TrackerType.swift; sourceTree = "<group>"; };
		3C6289952C8B0CA9003CE842 /* Emoji.swift */ = {isa = PBXFileReference; lastKnownFileType = sourcecode.swift; path = Emoji.swift; sourceTree = "<group>"; };
		3C6289972C8B1359003CE842 /* EmojiCollectionViewCell.swift */ = {isa = PBXFileReference; lastKnownFileType = sourcecode.swift; path = EmojiCollectionViewCell.swift; sourceTree = "<group>"; };
		3C6289992C8B1C5D003CE842 /* UICollectionView+Extension.swift */ = {isa = PBXFileReference; lastKnownFileType = sourcecode.swift; path = "UICollectionView+Extension.swift"; sourceTree = "<group>"; };
		3C62899B2C8B54E9003CE842 /* ColorCollectionViewCell.swift */ = {isa = PBXFileReference; lastKnownFileType = sourcecode.swift; path = ColorCollectionViewCell.swift; sourceTree = "<group>"; };
		3C62899F2C8B7087003CE842 /* SupplementaryView.swift */ = {isa = PBXFileReference; lastKnownFileType = sourcecode.swift; path = SupplementaryView.swift; sourceTree = "<group>"; };
		3C6289A22C8B83EA003CE842 /* CellSelectProtocol.swift */ = {isa = PBXFileReference; lastKnownFileType = sourcecode.swift; path = CellSelectProtocol.swift; sourceTree = "<group>"; };
		3C6289A42C8C2FC6003CE842 /* UITextField+Extensions.swift */ = {isa = PBXFileReference; lastKnownFileType = sourcecode.swift; path = "UITextField+Extensions.swift"; sourceTree = "<group>"; };
		3C6289A72C8C9D1F003CE842 /* NewTrackerTableViewCell.swift */ = {isa = PBXFileReference; lastKnownFileType = sourcecode.swift; path = NewTrackerTableViewCell.swift; sourceTree = "<group>"; };
		3C6289AA2C8D8117003CE842 /* ScheduleViewController.swift */ = {isa = PBXFileReference; lastKnownFileType = sourcecode.swift; path = ScheduleViewController.swift; sourceTree = "<group>"; };
		3C6289AC2C8D8164003CE842 /* ScheduleView.swift */ = {isa = PBXFileReference; lastKnownFileType = sourcecode.swift; path = ScheduleView.swift; sourceTree = "<group>"; };
		3C6289AF2C8D8191003CE842 /* WeekDayModel.swift */ = {isa = PBXFileReference; lastKnownFileType = sourcecode.swift; path = WeekDayModel.swift; sourceTree = "<group>"; };
		3C6289B12C8D81B0003CE842 /* WeekDay.swift */ = {isa = PBXFileReference; lastKnownFileType = sourcecode.swift; path = WeekDay.swift; sourceTree = "<group>"; };
		3C6289B42C8D9166003CE842 /* ScheduleTableViewCell.swift */ = {isa = PBXFileReference; lastKnownFileType = sourcecode.swift; path = ScheduleTableViewCell.swift; sourceTree = "<group>"; };
		3C6289B62C8D9971003CE842 /* UITableView+Extensions.swift */ = {isa = PBXFileReference; lastKnownFileType = sourcecode.swift; path = "UITableView+Extensions.swift"; sourceTree = "<group>"; };
		3C6289BB2C8DE37D003CE842 /* ScheduleTableViewCellProtocol.swift */ = {isa = PBXFileReference; lastKnownFileType = sourcecode.swift; path = ScheduleTableViewCellProtocol.swift; sourceTree = "<group>"; };
		3C6289BD2C8DE902003CE842 /* ScheduleViewControllerDelegate.swift */ = {isa = PBXFileReference; lastKnownFileType = sourcecode.swift; path = ScheduleViewControllerDelegate.swift; sourceTree = "<group>"; };
		3C6289C12C8E1F1E003CE842 /* TrackerCollectionViewCell.swift */ = {isa = PBXFileReference; lastKnownFileType = sourcecode.swift; path = TrackerCollectionViewCell.swift; sourceTree = "<group>"; };
		3C6289C32C8F5EF6003CE842 /* TrackerCollectionViewHeader.swift */ = {isa = PBXFileReference; lastKnownFileType = sourcecode.swift; path = TrackerCollectionViewHeader.swift; sourceTree = "<group>"; };
		3C6289C82C8F7227003CE842 /* TrackerCollectionViewCellDelegate.swift */ = {isa = PBXFileReference; lastKnownFileType = sourcecode.swift; path = TrackerCollectionViewCellDelegate.swift; sourceTree = "<group>"; };
		3C6289D02C90D1A2003CE842 /* NewTrackerViewControllerDelegate.swift */ = {isa = PBXFileReference; lastKnownFileType = sourcecode.swift; path = NewTrackerViewControllerDelegate.swift; sourceTree = "<group>"; };
		3C6289D32C90D4F3003CE842 /* CreateTrackerViewControllerDelegate.swift */ = {isa = PBXFileReference; lastKnownFileType = sourcecode.swift; path = CreateTrackerViewControllerDelegate.swift; sourceTree = "<group>"; };
		3C6289D52C935EA8003CE842 /* UIViewController+Extensions.swift */ = {isa = PBXFileReference; lastKnownFileType = sourcecode.swift; path = "UIViewController+Extensions.swift"; sourceTree = "<group>"; };
		3C75B1BF2C77BF310045E709 /* Tracker.app */ = {isa = PBXFileReference; explicitFileType = wrapper.application; includeInIndex = 0; path = Tracker.app; sourceTree = BUILT_PRODUCTS_DIR; };
		3C75B1C22C77BF320045E709 /* AppDelegate.swift */ = {isa = PBXFileReference; lastKnownFileType = sourcecode.swift; path = AppDelegate.swift; sourceTree = "<group>"; };
		3C75B1C42C77BF320045E709 /* SceneDelegate.swift */ = {isa = PBXFileReference; lastKnownFileType = sourcecode.swift; path = SceneDelegate.swift; sourceTree = "<group>"; };
		3C75B1C62C77BF320045E709 /* TrackerViewController.swift */ = {isa = PBXFileReference; lastKnownFileType = sourcecode.swift; path = TrackerViewController.swift; sourceTree = "<group>"; };
		3C75B1CB2C77BF330045E709 /* Assets.xcassets */ = {isa = PBXFileReference; lastKnownFileType = folder.assetcatalog; path = Assets.xcassets; sourceTree = "<group>"; };
		3C75B1CE2C77BF330045E709 /* Base */ = {isa = PBXFileReference; lastKnownFileType = file.storyboard; name = Base; path = Base.lproj/LaunchScreen.storyboard; sourceTree = "<group>"; };
		3C75B1D02C77BF330045E709 /* Info.plist */ = {isa = PBXFileReference; lastKnownFileType = text.plist.xml; path = Info.plist; sourceTree = "<group>"; };
		3C85FA592C9F080F00E4109A /* TrackerStore.swift */ = {isa = PBXFileReference; lastKnownFileType = sourcecode.swift; path = TrackerStore.swift; sourceTree = "<group>"; };
		3C85FA5B2C9F081600E4109A /* TrackerCategoryStore.swift */ = {isa = PBXFileReference; lastKnownFileType = sourcecode.swift; path = TrackerCategoryStore.swift; sourceTree = "<group>"; };
		3C85FA5D2C9F081E00E4109A /* TrackerRecordStore.swift */ = {isa = PBXFileReference; lastKnownFileType = sourcecode.swift; path = TrackerRecordStore.swift; sourceTree = "<group>"; };
		3C85FA602C9F091000E4109A /* CoreDataStackProtocol.swift */ = {isa = PBXFileReference; lastKnownFileType = sourcecode.swift; path = CoreDataStackProtocol.swift; sourceTree = "<group>"; };
		3C85FA652C9F429D00E4109A /* TrackerStoreProtocol.swift */ = {isa = PBXFileReference; lastKnownFileType = sourcecode.swift; path = TrackerStoreProtocol.swift; sourceTree = "<group>"; };
		3C85FA672C9F42C000E4109A /* TrackerCategoryStoreProtocol.swift */ = {isa = PBXFileReference; lastKnownFileType = sourcecode.swift; path = TrackerCategoryStoreProtocol.swift; sourceTree = "<group>"; };
		3C85FA692C9F431500E4109A /* TrackerRecordStoreProtocol.swift */ = {isa = PBXFileReference; lastKnownFileType = sourcecode.swift; path = TrackerRecordStoreProtocol.swift; sourceTree = "<group>"; };
		3C87228B2CC3F20100205A3A /* FilterType.swift */ = {isa = PBXFileReference; lastKnownFileType = sourcecode.swift; path = FilterType.swift; sourceTree = "<group>"; };
		3C87228D2CC3F30400205A3A /* FilterViewController.swift */ = {isa = PBXFileReference; lastKnownFileType = sourcecode.swift; path = FilterViewController.swift; sourceTree = "<group>"; };
		3C87228F2CC3F8CD00205A3A /* FilterView.swift */ = {isa = PBXFileReference; lastKnownFileType = sourcecode.swift; path = FilterView.swift; sourceTree = "<group>"; };
		3C8722912CC40DE000205A3A /* UITableViewCell+Extensions.swift */ = {isa = PBXFileReference; lastKnownFileType = sourcecode.swift; path = "UITableViewCell+Extensions.swift"; sourceTree = "<group>"; };
		3C8722972CC46A0E00205A3A /* FilterViewControllerDelegate.swift */ = {isa = PBXFileReference; lastKnownFileType = sourcecode.swift; path = FilterViewControllerDelegate.swift; sourceTree = "<group>"; };
		3CB438C92C7B9BA800E3614F /* TabBarViewController.swift */ = {isa = PBXFileReference; lastKnownFileType = sourcecode.swift; path = TabBarViewController.swift; sourceTree = "<group>"; };
		3CB438CE2C7B9D6500E3614F /* StatisticViewController.swift */ = {isa = PBXFileReference; lastKnownFileType = sourcecode.swift; path = StatisticViewController.swift; sourceTree = "<group>"; };
		3CB438D02C7BA6E900E3614F /* TrackerView.swift */ = {isa = PBXFileReference; lastKnownFileType = sourcecode.swift; path = TrackerView.swift; sourceTree = "<group>"; };
		3CB438D22C7CEF1C00E3614F /* DummyView.swift */ = {isa = PBXFileReference; lastKnownFileType = sourcecode.swift; path = DummyView.swift; sourceTree = "<group>"; };
		3CB438D52C7CF24800E3614F /* AppImages.swift */ = {isa = PBXFileReference; lastKnownFileType = sourcecode.swift; path = AppImages.swift; sourceTree = "<group>"; };
		3CB438D72C7CF8A800E3614F /* StatisticView.swift */ = {isa = PBXFileReference; lastKnownFileType = sourcecode.swift; path = StatisticView.swift; sourceTree = "<group>"; };
		3CB438DA2C84D67600E3614F /* Tracker.swift */ = {isa = PBXFileReference; lastKnownFileType = sourcecode.swift; path = Tracker.swift; sourceTree = "<group>"; };
		3CB438DC2C84D88600E3614F /* TrackerCategory.swift */ = {isa = PBXFileReference; lastKnownFileType = sourcecode.swift; path = TrackerCategory.swift; sourceTree = "<group>"; };
		3CB438DE2C84DA3600E3614F /* TrackerRecord.swift */ = {isa = PBXFileReference; lastKnownFileType = sourcecode.swift; path = TrackerRecord.swift; sourceTree = "<group>"; };
		3CB438E22C8AC11400E3614F /* CreateTrackerViewController.swift */ = {isa = PBXFileReference; lastKnownFileType = sourcecode.swift; path = CreateTrackerViewController.swift; sourceTree = "<group>"; };
		3CB438E42C8AC30200E3614F /* CreateTrackerView.swift */ = {isa = PBXFileReference; lastKnownFileType = sourcecode.swift; path = CreateTrackerView.swift; sourceTree = "<group>"; };
		3CC22E2C2C7A632F00265819 /* AppColorSettings.swift */ = {isa = PBXFileReference; lastKnownFileType = sourcecode.swift; path = AppColorSettings.swift; sourceTree = "<group>"; };
		3CC22E2F2C7A637900265819 /* UIColor+Extensions.swift */ = {isa = PBXFileReference; lastKnownFileType = sourcecode.swift; path = "UIColor+Extensions.swift"; sourceTree = "<group>"; };
		47E9713C4434FCEC5A34D897 /* Pods-TrackerTests.debug.xcconfig */ = {isa = PBXFileReference; includeInIndex = 1; lastKnownFileType = text.xcconfig; name = "Pods-TrackerTests.debug.xcconfig"; path = "Target Support Files/Pods-TrackerTests/Pods-TrackerTests.debug.xcconfig"; sourceTree = "<group>"; };
		59E693EF3DEA7D81B52EDBF6 /* Pods-TrackerTests.release.xcconfig */ = {isa = PBXFileReference; includeInIndex = 1; lastKnownFileType = text.xcconfig; name = "Pods-TrackerTests.release.xcconfig"; path = "Target Support Files/Pods-TrackerTests/Pods-TrackerTests.release.xcconfig"; sourceTree = "<group>"; };
		8EE2A4FA2EFB39F75106E9D1 /* Pods-Tracker.debug.xcconfig */ = {isa = PBXFileReference; includeInIndex = 1; lastKnownFileType = text.xcconfig; name = "Pods-Tracker.debug.xcconfig"; path = "Target Support Files/Pods-Tracker/Pods-Tracker.debug.xcconfig"; sourceTree = "<group>"; };
		ACE3896FF71856DCA9A2DF8A /* Pods-Tracker.release.xcconfig */ = {isa = PBXFileReference; includeInIndex = 1; lastKnownFileType = text.xcconfig; name = "Pods-Tracker.release.xcconfig"; path = "Target Support Files/Pods-Tracker/Pods-Tracker.release.xcconfig"; sourceTree = "<group>"; };
		B3122C535199DBFCE1382DD9 /* Pods_Tracker.framework */ = {isa = PBXFileReference; explicitFileType = wrapper.framework; includeInIndex = 0; path = Pods_Tracker.framework; sourceTree = BUILT_PRODUCTS_DIR; };
		D9F719A9B8F4B4A9577B375D /* Pods_TrackerTests.framework */ = {isa = PBXFileReference; explicitFileType = wrapper.framework; includeInIndex = 0; path = Pods_TrackerTests.framework; sourceTree = BUILT_PRODUCTS_DIR; };
/* End PBXFileReference section */

/* Begin PBXFrameworksBuildPhase section */
		3C05A8F12CBC375F000670C2 /* Frameworks */ = {
			isa = PBXFrameworksBuildPhase;
			buildActionMask = 2147483647;
			files = (
				3C05A9022CBC3816000670C2 /* InlineSnapshotTesting in Frameworks */,
				3C05A9042CBC3816000670C2 /* SnapshotTesting in Frameworks */,
				CC68F29D9E604F4884EE8423 /* Pods_TrackerTests.framework in Frameworks */,
			);
			runOnlyForDeploymentPostprocessing = 0;
		};
		3C75B1BC2C77BF310045E709 /* Frameworks */ = {
			isa = PBXFrameworksBuildPhase;
			buildActionMask = 2147483647;
			files = (
				EAA61DBC130C680980C080AC /* Pods_Tracker.framework in Frameworks */,
			);
			runOnlyForDeploymentPostprocessing = 0;
		};
/* End PBXFrameworksBuildPhase section */

/* Begin PBXGroup section */
		1CD93C53028BD7BD71F5CC63 /* Pods */ = {
			isa = PBXGroup;
			children = (
				8EE2A4FA2EFB39F75106E9D1 /* Pods-Tracker.debug.xcconfig */,
				ACE3896FF71856DCA9A2DF8A /* Pods-Tracker.release.xcconfig */,
				47E9713C4434FCEC5A34D897 /* Pods-TrackerTests.debug.xcconfig */,
				59E693EF3DEA7D81B52EDBF6 /* Pods-TrackerTests.release.xcconfig */,
			);
			path = Pods;
			sourceTree = "<group>";
		};
		3C05A8FE2CBC3767000670C2 /* TrackerTests */ = {
			isa = PBXGroup;
			children = (
				3C05A8FD2CBC3767000670C2 /* TrackerTests.swift */,
			);
			path = TrackerTests;
			sourceTree = "<group>";
		};
		3C165A8C2CA5D12900824FD9 /* Models */ = {
			isa = PBXGroup;
			children = (
				3C165A8B2CA5D12900824FD9 /* StoreErrors.swift */,
			);
			path = Models;
			sourceTree = "<group>";
		};
		3C165B062CAC70E800824FD9 /* Protocols */ = {
			isa = PBXGroup;
			children = (
				3C165B0A2CAC70F600824FD9 /* UserAppSettingsStorageProtocol.swift */,
				3C41E8952CC807D800CADBB7 /* StatisticServiceProtocol.swift */,
				3C30EB072CC82DC300B5CC73 /* AnalyticServiceProtocol.swift */,
			);
			path = Protocols;
			sourceTree = "<group>";
		};
		3C165B082CAC70E800824FD9 /* Services */ = {
			isa = PBXGroup;
			children = (
				3C165B072CAC70E800824FD9 /* UserAppSettingsStorage.swift */,
				3C41E8932CC8041100CADBB7 /* StatisticService.swift */,
				3C41E8972CC8219A00CADBB7 /* AnalyticsService.swift */,
				3C165B062CAC70E800824FD9 /* Protocols */,
				3C30EB0A2CC8331000B5CC73 /* Models */,
			);
			path = Services;
			sourceTree = "<group>";
		};
		3C165B0D2CAC745D00824FD9 /* Onboarding */ = {
			isa = PBXGroup;
			children = (
				3C165B0E2CAC746E00824FD9 /* OnboardingViewController.swift */,
				3C165B102CAC78B900824FD9 /* OnboardingPageViewController.swift */,
				3C165B142CADA90A00824FD9 /* OnboardingPageView.swift */,
				3C165B172CADABF700824FD9 /* Models */,
			);
			path = Onboarding;
			sourceTree = "<group>";
		};
		3C165B172CADABF700824FD9 /* Models */ = {
			isa = PBXGroup;
			children = (
				3C165B182CADAC3800824FD9 /* OnboardingPage.swift */,
			);
			path = Models;
			sourceTree = "<group>";
		};
		3C165B382CB117DE00824FD9 /* Models */ = {
			isa = PBXGroup;
			children = (
				3C165B392CB117EA00824FD9 /* DummyModel.swift */,
				3C41E8872CC5814E00CADBB7 /* DummyPlaceHolder.swift */,
			);
			path = Models;
			sourceTree = "<group>";
		};
		3C165B3C2CB11D6700824FD9 /* Category */ = {
			isa = PBXGroup;
			children = (
				3C165B3D2CB11D9C00824FD9 /* CategoryViewController.swift */,
				3C165B602CB2F9E100824FD9 /* CategoryViewModel.swift */,
				3C165B3F2CB11DC400824FD9 /* CategoryView.swift */,
				3C165B422CB1263900824FD9 /* Protocols */,
			);
			path = Category;
			sourceTree = "<group>";
		};
		3C165B422CB1263900824FD9 /* Protocols */ = {
			isa = PBXGroup;
			children = (
				3C165B432CB1264C00824FD9 /* CategoryViewControllerDelegate.swift */,
			);
			path = Protocols;
			sourceTree = "<group>";
		};
		3C165B4D2CB1A47E00824FD9 /* CreateCategory */ = {
			isa = PBXGroup;
			children = (
				3C165B4C2CB1A47E00824FD9 /* CreateCategoryViewController.swift */,
				3C165B4F2CB1A48800824FD9 /* CreateCategoryView.swift */,
				3C165B522CB1A6B100824FD9 /* Models */,
				3C165B592CB1BA3000824FD9 /* Protocols */,
			);
			path = CreateCategory;
			sourceTree = "<group>";
		};
		3C165B522CB1A6B100824FD9 /* Models */ = {
			isa = PBXGroup;
			children = (
				3C165B532CB1AD9400824FD9 /* CreateCategoryMode.swift */,
			);
			path = Models;
			sourceTree = "<group>";
		};
		3C165B592CB1BA3000824FD9 /* Protocols */ = {
			isa = PBXGroup;
			children = (
				3C165B5A2CB1BA4F00824FD9 /* CreateCategoryViewControllerDelegate.swift */,
			);
			path = Protocols;
			sourceTree = "<group>";
		};
		3C165B662CB3197600824FD9 /* Alert */ = {
			isa = PBXGroup;
			children = (
				3C165B672CB3198D00824FD9 /* AlertPresenter.swift */,
				3C165B6F2CB319E900824FD9 /* AlertPresenterProtocol.swift */,
				3C165B6D2CB319DB00824FD9 /* Models */,
			);
			path = Alert;
			sourceTree = "<group>";
		};
		3C165B6D2CB319DB00824FD9 /* Models */ = {
			isa = PBXGroup;
			children = (
				3C165B6C2CB319DB00824FD9 /* AlertModel.swift */,
			);
			path = Models;
			sourceTree = "<group>";
		};
		3C19B00C2CB853CB001FB127 /* Resources */ = {
			isa = PBXGroup;
			children = (
				3C19B00B2CB853CB001FB127 /* Localizable.strings */,
				3C19B00E2CB859E8001FB127 /* Localizable.stringsdict */,
				3C05A8EA2CBACA37000670C2 /* InfoPlist.strings */,
			);
			path = Resources;
			sourceTree = "<group>";
		};
		3C30EB0A2CC8331000B5CC73 /* Models */ = {
			isa = PBXGroup;
			children = (
				3C30EB0B2CC8331500B5CC73 /* AnalyticItems.swift */,
				3C30EB0D2CC835FB00B5CC73 /* AnalyticScreens.swift */,
			);
			path = Models;
			sourceTree = "<group>";
		};
		3C41E88A2CC6D89F00CADBB7 /* Cells */ = {
			isa = PBXGroup;
			children = (
				3C41E88B2CC6D8BB00CADBB7 /* StatisticCollectionViewCell.swift */,
			);
			path = Cells;
			sourceTree = "<group>";
		};
		3C41E8902CC6E51C00CADBB7 /* Models */ = {
			isa = PBXGroup;
			children = (
				3C41E8912CC6E52D00CADBB7 /* StatisticModel.swift */,
			);
			path = Models;
			sourceTree = "<group>";
		};
		3C62898C2C8AE6EF003CE842 /* NewTracker */ = {
			isa = PBXGroup;
			children = (
				3C62898D2C8AE717003CE842 /* NewTrackerViewController.swift */,
				3C62898A2C8AE6E2003CE842 /* NewTrackerView.swift */,
				3C6289A62C8C9D15003CE842 /* Cells */,
				3C62898F2C8AE941003CE842 /* Models */,
				3C6289A12C8B83CF003CE842 /* Protocols */,
			);
			path = NewTracker;
			sourceTree = "<group>";
		};
		3C62898F2C8AE941003CE842 /* Models */ = {
			isa = PBXGroup;
			children = (
				3C6289902C8AE95E003CE842 /* TrackerType.swift */,
			);
			path = Models;
			sourceTree = "<group>";
		};
		3C6289A12C8B83CF003CE842 /* Protocols */ = {
			isa = PBXGroup;
			children = (
				3C6289A22C8B83EA003CE842 /* CellSelectProtocol.swift */,
				3C6289D02C90D1A2003CE842 /* NewTrackerViewControllerDelegate.swift */,
			);
			path = Protocols;
			sourceTree = "<group>";
		};
		3C6289A62C8C9D15003CE842 /* Cells */ = {
			isa = PBXGroup;
			children = (
				3C6289972C8B1359003CE842 /* EmojiCollectionViewCell.swift */,
				3C62899B2C8B54E9003CE842 /* ColorCollectionViewCell.swift */,
				3C62899F2C8B7087003CE842 /* SupplementaryView.swift */,
				3C6289A72C8C9D1F003CE842 /* NewTrackerTableViewCell.swift */,
			);
			path = Cells;
			sourceTree = "<group>";
		};
		3C6289A92C8D80F6003CE842 /* Schedule */ = {
			isa = PBXGroup;
			children = (
				3C6289AA2C8D8117003CE842 /* ScheduleViewController.swift */,
				3C6289AC2C8D8164003CE842 /* ScheduleView.swift */,
				3C6289B32C8D9134003CE842 /* Cells */,
				3C6289BA2C8DE369003CE842 /* Protocols */,
				3C6289AE2C8D8175003CE842 /* Models */,
			);
			path = Schedule;
			sourceTree = "<group>";
		};
		3C6289AE2C8D8175003CE842 /* Models */ = {
			isa = PBXGroup;
			children = (
				3C6289AF2C8D8191003CE842 /* WeekDayModel.swift */,
				3C6289B12C8D81B0003CE842 /* WeekDay.swift */,
			);
			path = Models;
			sourceTree = "<group>";
		};
		3C6289B32C8D9134003CE842 /* Cells */ = {
			isa = PBXGroup;
			children = (
				3C6289B42C8D9166003CE842 /* ScheduleTableViewCell.swift */,
			);
			path = Cells;
			sourceTree = "<group>";
		};
		3C6289BA2C8DE369003CE842 /* Protocols */ = {
			isa = PBXGroup;
			children = (
				3C6289BD2C8DE902003CE842 /* ScheduleViewControllerDelegate.swift */,
				3C6289BB2C8DE37D003CE842 /* ScheduleTableViewCellProtocol.swift */,
			);
			path = Protocols;
			sourceTree = "<group>";
		};
		3C6289C02C8E1EE8003CE842 /* Cells */ = {
			isa = PBXGroup;
			children = (
				3C6289C12C8E1F1E003CE842 /* TrackerCollectionViewCell.swift */,
				3C6289C32C8F5EF6003CE842 /* TrackerCollectionViewHeader.swift */,
				3C6289C72C8F7213003CE842 /* Protocols */,
			);
			path = Cells;
			sourceTree = "<group>";
		};
		3C6289C72C8F7213003CE842 /* Protocols */ = {
			isa = PBXGroup;
			children = (
				3C6289C82C8F7227003CE842 /* TrackerCollectionViewCellDelegate.swift */,
			);
			path = Protocols;
			sourceTree = "<group>";
		};
		3C6289D22C90D4E5003CE842 /* Protocols */ = {
			isa = PBXGroup;
			children = (
				3C6289D32C90D4F3003CE842 /* CreateTrackerViewControllerDelegate.swift */,
			);
			path = Protocols;
			sourceTree = "<group>";
		};
		3C6289D72C98939E003CE842 /* CoreData */ = {
			isa = PBXGroup;
			children = (
				3C1EBC922C99E1E8006E0D02 /* TrackersDataBase.xcdatamodeld */,
				3C1EBCBA2C9A0012006E0D02 /* CoreDataStack.swift */,
				3C1EBC952C99E5B5006E0D02 /* DaysValueTransformer.swift */,
				3C165A842CA5144000824FD9 /* UIColorMarshalling.swift */,
				3C85FA6F2CA329F500E4109A /* DataStores */,
				3C85FA612C9F091000E4109A /* Protocols */,
				3C165A8C2CA5D12900824FD9 /* Models */,
			);
			path = CoreData;
			sourceTree = "<group>";
		};
		3C75B1B62C77BF310045E709 = {
			isa = PBXGroup;
			children = (
				3C75B1C12C77BF320045E709 /* Tracker */,
				3C05A8FE2CBC3767000670C2 /* TrackerTests */,
				3C75B1C02C77BF310045E709 /* Products */,
				1CD93C53028BD7BD71F5CC63 /* Pods */,
				FC46577EC7739E54B603952A /* Frameworks */,
			);
			sourceTree = "<group>";
		};
		3C75B1C02C77BF310045E709 /* Products */ = {
			isa = PBXGroup;
			children = (
				3C75B1BF2C77BF310045E709 /* Tracker.app */,
				3C05A8F42CBC375F000670C2 /* TrackerTests.xctest */,
			);
			name = Products;
			sourceTree = "<group>";
		};
		3C75B1C12C77BF320045E709 /* Tracker */ = {
			isa = PBXGroup;
			children = (
				3C19B00C2CB853CB001FB127 /* Resources */,
				3C165B082CAC70E800824FD9 /* Services */,
				3CC22E312C7A63DF00265819 /* Navigation */,
				3CB438C82C7B9B3300E3614F /* Presentation */,
				3C6289D72C98939E003CE842 /* CoreData */,
				3CC22E2E2C7A636300265819 /* Extensions */,
				3CC22E2A2C77C0F700265819 /* SystemFiles */,
				3CC22E2B2C7A62D500265819 /* AppSettings */,
			);
			path = Tracker;
			sourceTree = "<group>";
		};
		3C85FA612C9F091000E4109A /* Protocols */ = {
			isa = PBXGroup;
			children = (
				3C85FA602C9F091000E4109A /* CoreDataStackProtocol.swift */,
				3C85FA652C9F429D00E4109A /* TrackerStoreProtocol.swift */,
				3C85FA672C9F42C000E4109A /* TrackerCategoryStoreProtocol.swift */,
				3C85FA692C9F431500E4109A /* TrackerRecordStoreProtocol.swift */,
				3C165A822CA484D500824FD9 /* TrackerStoreDelegate.swift */,
			);
			path = Protocols;
			sourceTree = "<group>";
		};
		3C85FA6F2CA329F500E4109A /* DataStores */ = {
			isa = PBXGroup;
			children = (
				3C85FA592C9F080F00E4109A /* TrackerStore.swift */,
				3C85FA5B2C9F081600E4109A /* TrackerCategoryStore.swift */,
				3C85FA5D2C9F081E00E4109A /* TrackerRecordStore.swift */,
			);
			path = DataStores;
			sourceTree = "<group>";
		};
		3C8722882CC3F19300205A3A /* Filters */ = {
			isa = PBXGroup;
			children = (
				3C87228D2CC3F30400205A3A /* FilterViewController.swift */,
				3C87228F2CC3F8CD00205A3A /* FilterView.swift */,
				3C87228A2CC3F19900205A3A /* Models */,
				3C8722962CC46A0400205A3A /* Protocols */,
			);
			path = Filters;
			sourceTree = "<group>";
		};
		3C87228A2CC3F19900205A3A /* Models */ = {
			isa = PBXGroup;
			children = (
				3C87228B2CC3F20100205A3A /* FilterType.swift */,
			);
			path = Models;
			sourceTree = "<group>";
		};
		3C8722942CC41F5C00205A3A /* ReusableViews */ = {
			isa = PBXGroup;
			children = (
				3C165B472CB1729200824FD9 /* MainTableViewCell.swift */,
			);
			path = ReusableViews;
			sourceTree = "<group>";
		};
		3C8722962CC46A0400205A3A /* Protocols */ = {
			isa = PBXGroup;
			children = (
				3C8722972CC46A0E00205A3A /* FilterViewControllerDelegate.swift */,
			);
			path = Protocols;
			sourceTree = "<group>";
		};
		3CB438C82C7B9B3300E3614F /* Presentation */ = {
			isa = PBXGroup;
			children = (
				3C8722942CC41F5C00205A3A /* ReusableViews */,
				3C165B662CB3197600824FD9 /* Alert */,
				3C165B0D2CAC745D00824FD9 /* Onboarding */,
				3C8722882CC3F19300205A3A /* Filters */,
				3CB438CB2C7B9D3100E3614F /* Tracker */,
				3CB438CC2C7B9D3A00E3614F /* Statistic */,
				3CB438E12C8AC0C200E3614F /* CreateTracker */,
				3C62898C2C8AE6EF003CE842 /* NewTracker */,
				3C165B3C2CB11D6700824FD9 /* Category */,
				3C165B4D2CB1A47E00824FD9 /* CreateCategory */,
				3C6289A92C8D80F6003CE842 /* Schedule */,
				3CB438D42C7CF0CF00E3614F /* Dummy */,
			);
			path = Presentation;
			sourceTree = "<group>";
		};
		3CB438CB2C7B9D3100E3614F /* Tracker */ = {
			isa = PBXGroup;
			children = (
				3C75B1C62C77BF320045E709 /* TrackerViewController.swift */,
				3CB438D02C7BA6E900E3614F /* TrackerView.swift */,
				3C6289C02C8E1EE8003CE842 /* Cells */,
				3CB438D92C84D66D00E3614F /* Models */,
			);
			path = Tracker;
			sourceTree = "<group>";
		};
		3CB438CC2C7B9D3A00E3614F /* Statistic */ = {
			isa = PBXGroup;
			children = (
				3CB438CE2C7B9D6500E3614F /* StatisticViewController.swift */,
				3CB438D72C7CF8A800E3614F /* StatisticView.swift */,
				3C41E88A2CC6D89F00CADBB7 /* Cells */,
				3C41E8902CC6E51C00CADBB7 /* Models */,
			);
			path = Statistic;
			sourceTree = "<group>";
		};
		3CB438D42C7CF0CF00E3614F /* Dummy */ = {
			isa = PBXGroup;
			children = (
				3CB438D22C7CEF1C00E3614F /* DummyView.swift */,
				3C165B382CB117DE00824FD9 /* Models */,
			);
			path = Dummy;
			sourceTree = "<group>";
		};
		3CB438D92C84D66D00E3614F /* Models */ = {
			isa = PBXGroup;
			children = (
				3CB438DA2C84D67600E3614F /* Tracker.swift */,
				3CB438DC2C84D88600E3614F /* TrackerCategory.swift */,
				3CB438DE2C84DA3600E3614F /* TrackerRecord.swift */,
			);
			path = Models;
			sourceTree = "<group>";
		};
		3CB438E12C8AC0C200E3614F /* CreateTracker */ = {
			isa = PBXGroup;
			children = (
				3CB438E22C8AC11400E3614F /* CreateTrackerViewController.swift */,
				3CB438E42C8AC30200E3614F /* CreateTrackerView.swift */,
				3C6289D22C90D4E5003CE842 /* Protocols */,
			);
			path = CreateTracker;
			sourceTree = "<group>";
		};
		3CC22E2A2C77C0F700265819 /* SystemFiles */ = {
			isa = PBXGroup;
			children = (
				3C75B1C22C77BF320045E709 /* AppDelegate.swift */,
				3C75B1C42C77BF320045E709 /* SceneDelegate.swift */,
				3C75B1CB2C77BF330045E709 /* Assets.xcassets */,
				3C75B1CD2C77BF330045E709 /* LaunchScreen.storyboard */,
				3C75B1D02C77BF330045E709 /* Info.plist */,
			);
			path = SystemFiles;
			sourceTree = "<group>";
		};
		3CC22E2B2C7A62D500265819 /* AppSettings */ = {
			isa = PBXGroup;
			children = (
				3C165B552CB1B6A800824FD9 /* AppConstants.swift */,
				3CC22E2C2C7A632F00265819 /* AppColorSettings.swift */,
				3CB438D52C7CF24800E3614F /* AppImages.swift */,
				3C6289952C8B0CA9003CE842 /* Emoji.swift */,
			);
			path = AppSettings;
			sourceTree = "<group>";
		};
		3CC22E2E2C7A636300265819 /* Extensions */ = {
			isa = PBXGroup;
			children = (
				3CC22E2F2C7A637900265819 /* UIColor+Extensions.swift */,
				3C6289B62C8D9971003CE842 /* UITableView+Extensions.swift */,
				3C6289992C8B1C5D003CE842 /* UICollectionView+Extension.swift */,
				3C6289A42C8C2FC6003CE842 /* UITextField+Extensions.swift */,
				3C6289D52C935EA8003CE842 /* UIViewController+Extensions.swift */,
				3C165B122CADA82700824FD9 /* UIView+Extensions.swift */,
				3C165B732CB5B56D00824FD9 /* Notification+Extensions.swift */,
				3C8722912CC40DE000205A3A /* UITableViewCell+Extensions.swift */,
				3C41E88D2CC6E4C500CADBB7 /* CGPoint+Extensions.swift */,
			);
			path = Extensions;
			sourceTree = "<group>";
		};
		3CC22E312C7A63DF00265819 /* Navigation */ = {
			isa = PBXGroup;
			children = (
				3CB438C92C7B9BA800E3614F /* TabBarViewController.swift */,
			);
			path = Navigation;
			sourceTree = "<group>";
		};
		FC46577EC7739E54B603952A /* Frameworks */ = {
			isa = PBXGroup;
			children = (
				B3122C535199DBFCE1382DD9 /* Pods_Tracker.framework */,
				D9F719A9B8F4B4A9577B375D /* Pods_TrackerTests.framework */,
			);
			name = Frameworks;
			sourceTree = "<group>";
		};
/* End PBXGroup section */

/* Begin PBXNativeTarget section */
		3C05A8F32CBC375F000670C2 /* TrackerTests */ = {
			isa = PBXNativeTarget;
			buildConfigurationList = 3C05A8FA2CBC3760000670C2 /* Build configuration list for PBXNativeTarget "TrackerTests" */;
			buildPhases = (
				F669625F0254E1B73EA90497 /* [CP] Check Pods Manifest.lock */,
				3C05A8F02CBC375F000670C2 /* Sources */,
				3C05A8F12CBC375F000670C2 /* Frameworks */,
				3C05A8F22CBC375F000670C2 /* Resources */,
				AFCFB72714B601E0EFFD40A6 /* [CP] Embed Pods Frameworks */,
			);
			buildRules = (
			);
			dependencies = (
				3C05A8F92CBC3760000670C2 /* PBXTargetDependency */,
			);
			name = TrackerTests;
			packageProductDependencies = (
				3C05A9012CBC3816000670C2 /* InlineSnapshotTesting */,
				3C05A9032CBC3816000670C2 /* SnapshotTesting */,
			);
			productName = TrackerTests;
			productReference = 3C05A8F42CBC375F000670C2 /* TrackerTests.xctest */;
			productType = "com.apple.product-type.bundle.unit-test";
		};
		3C75B1BE2C77BF310045E709 /* Tracker */ = {
			isa = PBXNativeTarget;
			buildConfigurationList = 3C75B1D32C77BF330045E709 /* Build configuration list for PBXNativeTarget "Tracker" */;
			buildPhases = (
				9D1EE71B6231C9F40920F912 /* [CP] Check Pods Manifest.lock */,
				3C75B1BB2C77BF310045E709 /* Sources */,
				3C75B1BC2C77BF310045E709 /* Frameworks */,
				3C75B1BD2C77BF310045E709 /* Resources */,
				CDC187F85162F599587F5EDA /* [CP] Embed Pods Frameworks */,
			);
			buildRules = (
			);
			dependencies = (
			);
			name = Tracker;
			productName = Tracker;
			productReference = 3C75B1BF2C77BF310045E709 /* Tracker.app */;
			productType = "com.apple.product-type.application";
		};
/* End PBXNativeTarget section */

/* Begin PBXProject section */
		3C75B1B72C77BF310045E709 /* Project object */ = {
			isa = PBXProject;
			attributes = {
				BuildIndependentTargetsInParallel = 1;
				LastSwiftUpdateCheck = 1600;
				LastUpgradeCheck = 1540;
				TargetAttributes = {
					3C05A8F32CBC375F000670C2 = {
						CreatedOnToolsVersion = 16.0;
						TestTargetID = 3C75B1BE2C77BF310045E709;
					};
					3C75B1BE2C77BF310045E709 = {
						CreatedOnToolsVersion = 15.4;
					};
				};
			};
			buildConfigurationList = 3C75B1BA2C77BF310045E709 /* Build configuration list for PBXProject "Tracker" */;
			compatibilityVersion = "Xcode 14.0";
			developmentRegion = en;
			hasScannedForEncodings = 0;
			knownRegions = (
				en,
				Base,
				ru,
			);
			mainGroup = 3C75B1B62C77BF310045E709;
			packageReferences = (
				3C05A9002CBC3816000670C2 /* XCRemoteSwiftPackageReference "swift-snapshot-testing" */,
			);
			productRefGroup = 3C75B1C02C77BF310045E709 /* Products */;
			projectDirPath = "";
			projectRoot = "";
			targets = (
				3C75B1BE2C77BF310045E709 /* Tracker */,
				3C05A8F32CBC375F000670C2 /* TrackerTests */,
			);
		};
/* End PBXProject section */

/* Begin PBXResourcesBuildPhase section */
		3C05A8F22CBC375F000670C2 /* Resources */ = {
			isa = PBXResourcesBuildPhase;
			buildActionMask = 2147483647;
			files = (
			);
			runOnlyForDeploymentPostprocessing = 0;
		};
		3C75B1BD2C77BF310045E709 /* Resources */ = {
			isa = PBXResourcesBuildPhase;
			buildActionMask = 2147483647;
			files = (
				3C75B1CC2C77BF330045E709 /* Assets.xcassets in Resources */,
				3C19B0102CB859E8001FB127 /* Localizable.stringsdict in Resources */,
				3C19B00D2CB853CB001FB127 /* Localizable.strings in Resources */,
				3C75B1CF2C77BF330045E709 /* Base in Resources */,
				3C05A8EC2CBACA37000670C2 /* InfoPlist.strings in Resources */,
			);
			runOnlyForDeploymentPostprocessing = 0;
		};
/* End PBXResourcesBuildPhase section */

/* Begin PBXShellScriptBuildPhase section */
		9D1EE71B6231C9F40920F912 /* [CP] Check Pods Manifest.lock */ = {
			isa = PBXShellScriptBuildPhase;
			buildActionMask = 2147483647;
			files = (
			);
			inputFileListPaths = (
			);
			inputPaths = (
				"${PODS_PODFILE_DIR_PATH}/Podfile.lock",
				"${PODS_ROOT}/Manifest.lock",
			);
			name = "[CP] Check Pods Manifest.lock";
			outputFileListPaths = (
			);
			outputPaths = (
				"$(DERIVED_FILE_DIR)/Pods-Tracker-checkManifestLockResult.txt",
			);
			runOnlyForDeploymentPostprocessing = 0;
			shellPath = /bin/sh;
			shellScript = "diff \"${PODS_PODFILE_DIR_PATH}/Podfile.lock\" \"${PODS_ROOT}/Manifest.lock\" > /dev/null\nif [ $? != 0 ] ; then\n    # print error to STDERR\n    echo \"error: The sandbox is not in sync with the Podfile.lock. Run 'pod install' or update your CocoaPods installation.\" >&2\n    exit 1\nfi\n# This output is used by Xcode 'outputs' to avoid re-running this script phase.\necho \"SUCCESS\" > \"${SCRIPT_OUTPUT_FILE_0}\"\n";
			showEnvVarsInLog = 0;
		};
		AFCFB72714B601E0EFFD40A6 /* [CP] Embed Pods Frameworks */ = {
			isa = PBXShellScriptBuildPhase;
			buildActionMask = 2147483647;
			files = (
			);
			inputFileListPaths = (
				"${PODS_ROOT}/Target Support Files/Pods-TrackerTests/Pods-TrackerTests-frameworks-${CONFIGURATION}-input-files.xcfilelist",
			);
			name = "[CP] Embed Pods Frameworks";
			outputFileListPaths = (
				"${PODS_ROOT}/Target Support Files/Pods-TrackerTests/Pods-TrackerTests-frameworks-${CONFIGURATION}-output-files.xcfilelist",
			);
			runOnlyForDeploymentPostprocessing = 0;
			shellPath = /bin/sh;
			shellScript = "\"${PODS_ROOT}/Target Support Files/Pods-TrackerTests/Pods-TrackerTests-frameworks.sh\"\n";
			showEnvVarsInLog = 0;
		};
		CDC187F85162F599587F5EDA /* [CP] Embed Pods Frameworks */ = {
			isa = PBXShellScriptBuildPhase;
			buildActionMask = 2147483647;
			files = (
			);
			inputFileListPaths = (
				"${PODS_ROOT}/Target Support Files/Pods-Tracker/Pods-Tracker-frameworks-${CONFIGURATION}-input-files.xcfilelist",
			);
			name = "[CP] Embed Pods Frameworks";
			outputFileListPaths = (
				"${PODS_ROOT}/Target Support Files/Pods-Tracker/Pods-Tracker-frameworks-${CONFIGURATION}-output-files.xcfilelist",
			);
			runOnlyForDeploymentPostprocessing = 0;
			shellPath = /bin/sh;
			shellScript = "\"${PODS_ROOT}/Target Support Files/Pods-Tracker/Pods-Tracker-frameworks.sh\"\n";
			showEnvVarsInLog = 0;
		};
		F669625F0254E1B73EA90497 /* [CP] Check Pods Manifest.lock */ = {
			isa = PBXShellScriptBuildPhase;
			buildActionMask = 2147483647;
			files = (
			);
			inputFileListPaths = (
			);
			inputPaths = (
				"${PODS_PODFILE_DIR_PATH}/Podfile.lock",
				"${PODS_ROOT}/Manifest.lock",
			);
			name = "[CP] Check Pods Manifest.lock";
			outputFileListPaths = (
			);
			outputPaths = (
				"$(DERIVED_FILE_DIR)/Pods-TrackerTests-checkManifestLockResult.txt",
			);
			runOnlyForDeploymentPostprocessing = 0;
			shellPath = /bin/sh;
			shellScript = "diff \"${PODS_PODFILE_DIR_PATH}/Podfile.lock\" \"${PODS_ROOT}/Manifest.lock\" > /dev/null\nif [ $? != 0 ] ; then\n    # print error to STDERR\n    echo \"error: The sandbox is not in sync with the Podfile.lock. Run 'pod install' or update your CocoaPods installation.\" >&2\n    exit 1\nfi\n# This output is used by Xcode 'outputs' to avoid re-running this script phase.\necho \"SUCCESS\" > \"${SCRIPT_OUTPUT_FILE_0}\"\n";
			showEnvVarsInLog = 0;
		};
/* End PBXShellScriptBuildPhase section */

/* Begin PBXSourcesBuildPhase section */
		3C05A8F02CBC375F000670C2 /* Sources */ = {
			isa = PBXSourcesBuildPhase;
			buildActionMask = 2147483647;
			files = (
				3C05A8FF2CBC3767000670C2 /* TrackerTests.swift in Sources */,
			);
			runOnlyForDeploymentPostprocessing = 0;
		};
		3C75B1BB2C77BF310045E709 /* Sources */ = {
			isa = PBXSourcesBuildPhase;
			buildActionMask = 2147483647;
			files = (
				3CB438DB2C84D67600E3614F /* Tracker.swift in Sources */,
				3C75B1C72C77BF320045E709 /* TrackerViewController.swift in Sources */,
				3C85FA5E2C9F081E00E4109A /* TrackerRecordStore.swift in Sources */,
				3C165B092CAC70E800824FD9 /* UserAppSettingsStorage.swift in Sources */,
				3C41E8942CC8041100CADBB7 /* StatisticService.swift in Sources */,
				3C6289B52C8D9166003CE842 /* ScheduleTableViewCell.swift in Sources */,
				3C6289A32C8B83EA003CE842 /* CellSelectProtocol.swift in Sources */,
				3C165B742CB5B56D00824FD9 /* Notification+Extensions.swift in Sources */,
				3C165B402CB11DC400824FD9 /* CategoryView.swift in Sources */,
				3C6289982C8B1359003CE842 /* EmojiCollectionViewCell.swift in Sources */,
				3C85FA6A2C9F431500E4109A /* TrackerRecordStoreProtocol.swift in Sources */,
				3C6289C42C8F5EF6003CE842 /* TrackerCollectionViewHeader.swift in Sources */,
				3C62898B2C8AE6E2003CE842 /* NewTrackerView.swift in Sources */,
				3C6289AD2C8D8164003CE842 /* ScheduleView.swift in Sources */,
				3C6289B22C8D81B0003CE842 /* WeekDay.swift in Sources */,
				3C1EBC942C99E1E8006E0D02 /* TrackersDataBase.xcdatamodeld in Sources */,
				3C165B0F2CAC746E00824FD9 /* OnboardingViewController.swift in Sources */,
				3C1EBC962C99E5B5006E0D02 /* DaysValueTransformer.swift in Sources */,
				3C41E8982CC8219A00CADBB7 /* AnalyticsService.swift in Sources */,
				3C6289AB2C8D8117003CE842 /* ScheduleViewController.swift in Sources */,
				3C165B482CB1729200824FD9 /* MainTableViewCell.swift in Sources */,
				3C165B3E2CB11D9C00824FD9 /* CategoryViewController.swift in Sources */,
				3C165B112CAC78B900824FD9 /* OnboardingPageViewController.swift in Sources */,
				3C165B192CADAC3800824FD9 /* OnboardingPage.swift in Sources */,
				3C6289D12C90D1A2003CE842 /* NewTrackerViewControllerDelegate.swift in Sources */,
				3CB438CF2C7B9D6500E3614F /* StatisticViewController.swift in Sources */,
				3CB438DF2C84DA3600E3614F /* TrackerRecord.swift in Sources */,
				3C165B502CB1A48800824FD9 /* CreateCategoryView.swift in Sources */,
				3C41E8962CC807D800CADBB7 /* StatisticServiceProtocol.swift in Sources */,
				3C62899C2C8B54E9003CE842 /* ColorCollectionViewCell.swift in Sources */,
				3C165B3A2CB117EA00824FD9 /* DummyModel.swift in Sources */,
				3C30EB0C2CC8331500B5CC73 /* AnalyticItems.swift in Sources */,
				3C6289A52C8C2FC6003CE842 /* UITextField+Extensions.swift in Sources */,
				3C85FA5A2C9F080F00E4109A /* TrackerStore.swift in Sources */,
				3C6289C92C8F7227003CE842 /* TrackerCollectionViewCellDelegate.swift in Sources */,
				3C8722982CC46A0E00205A3A /* FilterViewControllerDelegate.swift in Sources */,
				3C6289D62C935EA8003CE842 /* UIViewController+Extensions.swift in Sources */,
				3C30EB082CC82DC300B5CC73 /* AnalyticServiceProtocol.swift in Sources */,
				3C85FA622C9F091000E4109A /* CoreDataStackProtocol.swift in Sources */,
				3CC22E302C7A637900265819 /* UIColor+Extensions.swift in Sources */,
				3CB438D12C7BA6E900E3614F /* TrackerView.swift in Sources */,
				3C87228C2CC3F20100205A3A /* FilterType.swift in Sources */,
				3C6289BC2C8DE37D003CE842 /* ScheduleTableViewCellProtocol.swift in Sources */,
				3CB438DD2C84D88600E3614F /* TrackerCategory.swift in Sources */,
				3C6289D42C90D4F3003CE842 /* CreateTrackerViewControllerDelegate.swift in Sources */,
				3C62899A2C8B1C5D003CE842 /* UICollectionView+Extension.swift in Sources */,
				3C6289C22C8E1F1E003CE842 /* TrackerCollectionViewCell.swift in Sources */,
				3C165B562CB1B6A800824FD9 /* AppConstants.swift in Sources */,
				3C165B6E2CB319DB00824FD9 /* AlertModel.swift in Sources */,
				3CB438D32C7CEF1C00E3614F /* DummyView.swift in Sources */,
				3C165B152CADA90A00824FD9 /* OnboardingPageView.swift in Sources */,
				3C85FA682C9F42C000E4109A /* TrackerCategoryStoreProtocol.swift in Sources */,
				3C75B1C32C77BF320045E709 /* AppDelegate.swift in Sources */,
				3C41E8882CC5814E00CADBB7 /* DummyPlaceHolder.swift in Sources */,
				3C6289BE2C8DE902003CE842 /* ScheduleViewControllerDelegate.swift in Sources */,
				3CC22E2D2C7A632F00265819 /* AppColorSettings.swift in Sources */,
				3C1EBCBB2C9A0012006E0D02 /* CoreDataStack.swift in Sources */,
				3C165B682CB3198D00824FD9 /* AlertPresenter.swift in Sources */,
				3C165B702CB319E900824FD9 /* AlertPresenterProtocol.swift in Sources */,
				3C6289962C8B0CA9003CE842 /* Emoji.swift in Sources */,
				3C165B442CB1264C00824FD9 /* CategoryViewControllerDelegate.swift in Sources */,
				3CB438CA2C7B9BA800E3614F /* TabBarViewController.swift in Sources */,
				3CB438D62C7CF24800E3614F /* AppImages.swift in Sources */,
				3C165B132CADA82700824FD9 /* UIView+Extensions.swift in Sources */,
				3C165B612CB2F9E100824FD9 /* CategoryViewModel.swift in Sources */,
				3C8722902CC3F8CD00205A3A /* FilterView.swift in Sources */,
				3CB438D82C7CF8A800E3614F /* StatisticView.swift in Sources */,
				3C6289B72C8D9971003CE842 /* UITableView+Extensions.swift in Sources */,
				3C165A8D2CA5D12900824FD9 /* StoreErrors.swift in Sources */,
				3C165B542CB1AD9400824FD9 /* CreateCategoryMode.swift in Sources */,
				3C165B5B2CB1BA4F00824FD9 /* CreateCategoryViewControllerDelegate.swift in Sources */,
				3C85FA662C9F429D00E4109A /* TrackerStoreProtocol.swift in Sources */,
				3C6289A02C8B7087003CE842 /* SupplementaryView.swift in Sources */,
				3CB438E52C8AC30200E3614F /* CreateTrackerView.swift in Sources */,
				3CB438E32C8AC11400E3614F /* CreateTrackerViewController.swift in Sources */,
				3C41E8922CC6E52D00CADBB7 /* StatisticModel.swift in Sources */,
				3C41E88E2CC6E4C500CADBB7 /* CGPoint+Extensions.swift in Sources */,
				3C6289912C8AE95E003CE842 /* TrackerType.swift in Sources */,
				3C165B0B2CAC70F600824FD9 /* UserAppSettingsStorageProtocol.swift in Sources */,
				3C6289A82C8C9D1F003CE842 /* NewTrackerTableViewCell.swift in Sources */,
				3C85FA5C2C9F081600E4109A /* TrackerCategoryStore.swift in Sources */,
				3C165A832CA484D500824FD9 /* TrackerStoreDelegate.swift in Sources */,
				3C87228E2CC3F30400205A3A /* FilterViewController.swift in Sources */,
				3C6289B02C8D8191003CE842 /* WeekDayModel.swift in Sources */,
				3C30EB0E2CC835FB00B5CC73 /* AnalyticScreens.swift in Sources */,
				3C165B4E2CB1A47E00824FD9 /* CreateCategoryViewController.swift in Sources */,
				3C41E88C2CC6D8BB00CADBB7 /* StatisticCollectionViewCell.swift in Sources */,
				3C62898E2C8AE717003CE842 /* NewTrackerViewController.swift in Sources */,
				3C165A852CA5144000824FD9 /* UIColorMarshalling.swift in Sources */,
				3C8722922CC40DE000205A3A /* UITableViewCell+Extensions.swift in Sources */,
				3C75B1C52C77BF320045E709 /* SceneDelegate.swift in Sources */,
			);
			runOnlyForDeploymentPostprocessing = 0;
		};
/* End PBXSourcesBuildPhase section */

/* Begin PBXTargetDependency section */
		3C05A8F92CBC3760000670C2 /* PBXTargetDependency */ = {
			isa = PBXTargetDependency;
			target = 3C75B1BE2C77BF310045E709 /* Tracker */;
			targetProxy = 3C05A8F82CBC3760000670C2 /* PBXContainerItemProxy */;
		};
/* End PBXTargetDependency section */

/* Begin PBXVariantGroup section */
		3C05A8EA2CBACA37000670C2 /* InfoPlist.strings */ = {
			isa = PBXVariantGroup;
			children = (
				3C05A8EB2CBACA37000670C2 /* en */,
				3C05A8EE2CBACA62000670C2 /* ru */,
			);
			name = InfoPlist.strings;
			sourceTree = "<group>";
		};
		3C19B00B2CB853CB001FB127 /* Localizable.strings */ = {
			isa = PBXVariantGroup;
			children = (
				3C19B0092CB853CB001FB127 /* en */,
				3C19B00A2CB853CB001FB127 /* ru */,
			);
			name = Localizable.strings;
			sourceTree = "<group>";
		};
		3C19B00E2CB859E8001FB127 /* Localizable.stringsdict */ = {
			isa = PBXVariantGroup;
			children = (
				3C19B00F2CB859E8001FB127 /* en */,
				3C05A8EF2CBACA7C000670C2 /* ru */,
			);
			name = Localizable.stringsdict;
			sourceTree = "<group>";
		};
		3C75B1CD2C77BF330045E709 /* LaunchScreen.storyboard */ = {
			isa = PBXVariantGroup;
			children = (
				3C75B1CE2C77BF330045E709 /* Base */,
			);
			name = LaunchScreen.storyboard;
			sourceTree = "<group>";
		};
/* End PBXVariantGroup section */

/* Begin XCBuildConfiguration section */
		3C05A8FB2CBC3760000670C2 /* Debug */ = {
			isa = XCBuildConfiguration;
			baseConfigurationReference = 47E9713C4434FCEC5A34D897 /* Pods-TrackerTests.debug.xcconfig */;
			buildSettings = {
				BUNDLE_LOADER = "$(TEST_HOST)";
				CODE_SIGN_STYLE = Automatic;
				CURRENT_PROJECT_VERSION = 1;
				DEVELOPMENT_TEAM = 3T4L6EX6TF;
				GENERATE_INFOPLIST_FILE = YES;
				IPHONEOS_DEPLOYMENT_TARGET = 18.0;
				MARKETING_VERSION = 1.0;
				PRODUCT_BUNDLE_IDENTIFIER = ru.yandex.practicum.TrackerTests;
				PRODUCT_NAME = "$(TARGET_NAME)";
				SWIFT_EMIT_LOC_STRINGS = NO;
				SWIFT_VERSION = 5.0;
				TARGETED_DEVICE_FAMILY = "1,2";
				TEST_HOST = "$(BUILT_PRODUCTS_DIR)/Tracker.app/$(BUNDLE_EXECUTABLE_FOLDER_PATH)/Tracker";
			};
			name = Debug;
		};
		3C05A8FC2CBC3760000670C2 /* Release */ = {
			isa = XCBuildConfiguration;
			baseConfigurationReference = 59E693EF3DEA7D81B52EDBF6 /* Pods-TrackerTests.release.xcconfig */;
			buildSettings = {
				BUNDLE_LOADER = "$(TEST_HOST)";
				CODE_SIGN_STYLE = Automatic;
				CURRENT_PROJECT_VERSION = 1;
				DEVELOPMENT_TEAM = 3T4L6EX6TF;
				GENERATE_INFOPLIST_FILE = YES;
				IPHONEOS_DEPLOYMENT_TARGET = 18.0;
				MARKETING_VERSION = 1.0;
				PRODUCT_BUNDLE_IDENTIFIER = ru.yandex.practicum.TrackerTests;
				PRODUCT_NAME = "$(TARGET_NAME)";
				SWIFT_EMIT_LOC_STRINGS = NO;
				SWIFT_VERSION = 5.0;
				TARGETED_DEVICE_FAMILY = "1,2";
				TEST_HOST = "$(BUILT_PRODUCTS_DIR)/Tracker.app/$(BUNDLE_EXECUTABLE_FOLDER_PATH)/Tracker";
			};
			name = Release;
		};
		3C75B1D12C77BF330045E709 /* Debug */ = {
			isa = XCBuildConfiguration;
			buildSettings = {
				ALWAYS_SEARCH_USER_PATHS = NO;
				ASSETCATALOG_COMPILER_GENERATE_SWIFT_ASSET_SYMBOL_EXTENSIONS = YES;
				CLANG_ANALYZER_LOCALIZABILITY_NONLOCALIZED = YES;
				CLANG_ANALYZER_NONNULL = YES;
				CLANG_ANALYZER_NUMBER_OBJECT_CONVERSION = YES_AGGRESSIVE;
				CLANG_CXX_LANGUAGE_STANDARD = "gnu++20";
				CLANG_ENABLE_MODULES = YES;
				CLANG_ENABLE_OBJC_ARC = YES;
				CLANG_ENABLE_OBJC_WEAK = YES;
				CLANG_WARN_BLOCK_CAPTURE_AUTORELEASING = YES;
				CLANG_WARN_BOOL_CONVERSION = YES;
				CLANG_WARN_COMMA = YES;
				CLANG_WARN_CONSTANT_CONVERSION = YES;
				CLANG_WARN_DEPRECATED_OBJC_IMPLEMENTATIONS = YES;
				CLANG_WARN_DIRECT_OBJC_ISA_USAGE = YES_ERROR;
				CLANG_WARN_DOCUMENTATION_COMMENTS = YES;
				CLANG_WARN_EMPTY_BODY = YES;
				CLANG_WARN_ENUM_CONVERSION = YES;
				CLANG_WARN_INFINITE_RECURSION = YES;
				CLANG_WARN_INT_CONVERSION = YES;
				CLANG_WARN_NON_LITERAL_NULL_CONVERSION = YES;
				CLANG_WARN_OBJC_IMPLICIT_RETAIN_SELF = YES;
				CLANG_WARN_OBJC_LITERAL_CONVERSION = YES;
				CLANG_WARN_OBJC_ROOT_CLASS = YES_ERROR;
				CLANG_WARN_QUOTED_INCLUDE_IN_FRAMEWORK_HEADER = YES;
				CLANG_WARN_RANGE_LOOP_ANALYSIS = YES;
				CLANG_WARN_STRICT_PROTOTYPES = YES;
				CLANG_WARN_SUSPICIOUS_MOVE = YES;
				CLANG_WARN_UNGUARDED_AVAILABILITY = YES_AGGRESSIVE;
				CLANG_WARN_UNREACHABLE_CODE = YES;
				CLANG_WARN__DUPLICATE_METHOD_MATCH = YES;
				COPY_PHASE_STRIP = NO;
				DEBUG_INFORMATION_FORMAT = dwarf;
				ENABLE_STRICT_OBJC_MSGSEND = YES;
				ENABLE_TESTABILITY = YES;
				ENABLE_USER_SCRIPT_SANDBOXING = NO;
				GCC_C_LANGUAGE_STANDARD = gnu17;
				GCC_DYNAMIC_NO_PIC = NO;
				GCC_NO_COMMON_BLOCKS = YES;
				GCC_OPTIMIZATION_LEVEL = 0;
				GCC_PREPROCESSOR_DEFINITIONS = (
					"DEBUG=1",
					"$(inherited)",
				);
				GCC_WARN_64_TO_32_BIT_CONVERSION = YES;
				GCC_WARN_ABOUT_RETURN_TYPE = YES_ERROR;
				GCC_WARN_UNDECLARED_SELECTOR = YES;
				GCC_WARN_UNINITIALIZED_AUTOS = YES_AGGRESSIVE;
				GCC_WARN_UNUSED_FUNCTION = YES;
				GCC_WARN_UNUSED_VARIABLE = YES;
				IPHONEOS_DEPLOYMENT_TARGET = 13.4;
				LOCALIZATION_PREFERS_STRING_CATALOGS = YES;
				MTL_ENABLE_DEBUG_INFO = INCLUDE_SOURCE;
				MTL_FAST_MATH = YES;
				ONLY_ACTIVE_ARCH = YES;
				SDKROOT = iphoneos;
				SWIFT_ACTIVE_COMPILATION_CONDITIONS = "DEBUG $(inherited)";
				SWIFT_OPTIMIZATION_LEVEL = "-Onone";
			};
			name = Debug;
		};
		3C75B1D22C77BF330045E709 /* Release */ = {
			isa = XCBuildConfiguration;
			buildSettings = {
				ALWAYS_SEARCH_USER_PATHS = NO;
				ASSETCATALOG_COMPILER_GENERATE_SWIFT_ASSET_SYMBOL_EXTENSIONS = YES;
				CLANG_ANALYZER_LOCALIZABILITY_NONLOCALIZED = YES;
				CLANG_ANALYZER_NONNULL = YES;
				CLANG_ANALYZER_NUMBER_OBJECT_CONVERSION = YES_AGGRESSIVE;
				CLANG_CXX_LANGUAGE_STANDARD = "gnu++20";
				CLANG_ENABLE_MODULES = YES;
				CLANG_ENABLE_OBJC_ARC = YES;
				CLANG_ENABLE_OBJC_WEAK = YES;
				CLANG_WARN_BLOCK_CAPTURE_AUTORELEASING = YES;
				CLANG_WARN_BOOL_CONVERSION = YES;
				CLANG_WARN_COMMA = YES;
				CLANG_WARN_CONSTANT_CONVERSION = YES;
				CLANG_WARN_DEPRECATED_OBJC_IMPLEMENTATIONS = YES;
				CLANG_WARN_DIRECT_OBJC_ISA_USAGE = YES_ERROR;
				CLANG_WARN_DOCUMENTATION_COMMENTS = YES;
				CLANG_WARN_EMPTY_BODY = YES;
				CLANG_WARN_ENUM_CONVERSION = YES;
				CLANG_WARN_INFINITE_RECURSION = YES;
				CLANG_WARN_INT_CONVERSION = YES;
				CLANG_WARN_NON_LITERAL_NULL_CONVERSION = YES;
				CLANG_WARN_OBJC_IMPLICIT_RETAIN_SELF = YES;
				CLANG_WARN_OBJC_LITERAL_CONVERSION = YES;
				CLANG_WARN_OBJC_ROOT_CLASS = YES_ERROR;
				CLANG_WARN_QUOTED_INCLUDE_IN_FRAMEWORK_HEADER = YES;
				CLANG_WARN_RANGE_LOOP_ANALYSIS = YES;
				CLANG_WARN_STRICT_PROTOTYPES = YES;
				CLANG_WARN_SUSPICIOUS_MOVE = YES;
				CLANG_WARN_UNGUARDED_AVAILABILITY = YES_AGGRESSIVE;
				CLANG_WARN_UNREACHABLE_CODE = YES;
				CLANG_WARN__DUPLICATE_METHOD_MATCH = YES;
				COPY_PHASE_STRIP = NO;
				DEBUG_INFORMATION_FORMAT = "dwarf-with-dsym";
				ENABLE_NS_ASSERTIONS = NO;
				ENABLE_STRICT_OBJC_MSGSEND = YES;
				ENABLE_USER_SCRIPT_SANDBOXING = NO;
				GCC_C_LANGUAGE_STANDARD = gnu17;
				GCC_NO_COMMON_BLOCKS = YES;
				GCC_WARN_64_TO_32_BIT_CONVERSION = YES;
				GCC_WARN_ABOUT_RETURN_TYPE = YES_ERROR;
				GCC_WARN_UNDECLARED_SELECTOR = YES;
				GCC_WARN_UNINITIALIZED_AUTOS = YES_AGGRESSIVE;
				GCC_WARN_UNUSED_FUNCTION = YES;
				GCC_WARN_UNUSED_VARIABLE = YES;
				IPHONEOS_DEPLOYMENT_TARGET = 13.4;
				LOCALIZATION_PREFERS_STRING_CATALOGS = YES;
				MTL_ENABLE_DEBUG_INFO = NO;
				MTL_FAST_MATH = YES;
				SDKROOT = iphoneos;
				SWIFT_COMPILATION_MODE = wholemodule;
				VALIDATE_PRODUCT = YES;
			};
			name = Release;
		};
		3C75B1D42C77BF330045E709 /* Debug */ = {
			isa = XCBuildConfiguration;
			baseConfigurationReference = 8EE2A4FA2EFB39F75106E9D1 /* Pods-Tracker.debug.xcconfig */;
			buildSettings = {
				ASSETCATALOG_COMPILER_APPICON_NAME = AppIcon;
				ASSETCATALOG_COMPILER_GLOBAL_ACCENT_COLOR_NAME = AccentColor;
				CODE_SIGN_STYLE = Automatic;
				CURRENT_PROJECT_VERSION = 1;
				DEVELOPMENT_TEAM = 3T4L6EX6TF;
				GENERATE_INFOPLIST_FILE = YES;
				INFOPLIST_FILE = Tracker/SystemFiles/Info.plist;
				INFOPLIST_KEY_LSApplicationCategoryType = "public.app-category.productivity";
				INFOPLIST_KEY_UIApplicationSupportsIndirectInputEvents = YES;
				INFOPLIST_KEY_UILaunchStoryboardName = LaunchScreen;
				INFOPLIST_KEY_UIStatusBarStyle = "";
				INFOPLIST_KEY_UISupportedInterfaceOrientations = UIInterfaceOrientationPortrait;
				INFOPLIST_KEY_UISupportedInterfaceOrientations_iPad = "UIInterfaceOrientationLandscapeLeft UIInterfaceOrientationLandscapeRight UIInterfaceOrientationPortraitUpsideDown";
				IPHONEOS_DEPLOYMENT_TARGET = 13.4;
				LD_RUNPATH_SEARCH_PATHS = (
					"$(inherited)",
					"@executable_path/Frameworks",
				);
				MARKETING_VERSION = 1.0;
				PRODUCT_BUNDLE_IDENTIFIER = ru.yandex.practicum.Tracker;
				PRODUCT_NAME = "$(TARGET_NAME)";
				SUPPORTED_PLATFORMS = "iphoneos iphonesimulator";
				SUPPORTS_MACCATALYST = NO;
				SUPPORTS_MAC_DESIGNED_FOR_IPHONE_IPAD = NO;
				SUPPORTS_XR_DESIGNED_FOR_IPHONE_IPAD = NO;
				SWIFT_EMIT_LOC_STRINGS = YES;
				SWIFT_VERSION = 5.0;
				TARGETED_DEVICE_FAMILY = 1;
			};
			name = Debug;
		};
		3C75B1D52C77BF330045E709 /* Release */ = {
			isa = XCBuildConfiguration;
			baseConfigurationReference = ACE3896FF71856DCA9A2DF8A /* Pods-Tracker.release.xcconfig */;
			buildSettings = {
				ASSETCATALOG_COMPILER_APPICON_NAME = AppIcon;
				ASSETCATALOG_COMPILER_GLOBAL_ACCENT_COLOR_NAME = AccentColor;
				CODE_SIGN_STYLE = Automatic;
				CURRENT_PROJECT_VERSION = 1;
				DEVELOPMENT_TEAM = 3T4L6EX6TF;
				GENERATE_INFOPLIST_FILE = YES;
				INFOPLIST_FILE = Tracker/SystemFiles/Info.plist;
				INFOPLIST_KEY_LSApplicationCategoryType = "public.app-category.productivity";
				INFOPLIST_KEY_UIApplicationSupportsIndirectInputEvents = YES;
				INFOPLIST_KEY_UILaunchStoryboardName = LaunchScreen;
				INFOPLIST_KEY_UIStatusBarStyle = "";
				INFOPLIST_KEY_UISupportedInterfaceOrientations = UIInterfaceOrientationPortrait;
				INFOPLIST_KEY_UISupportedInterfaceOrientations_iPad = "UIInterfaceOrientationLandscapeLeft UIInterfaceOrientationLandscapeRight UIInterfaceOrientationPortraitUpsideDown";
				IPHONEOS_DEPLOYMENT_TARGET = 13.4;
				LD_RUNPATH_SEARCH_PATHS = (
					"$(inherited)",
					"@executable_path/Frameworks",
				);
				MARKETING_VERSION = 1.0;
				PRODUCT_BUNDLE_IDENTIFIER = ru.yandex.practicum.Tracker;
				PRODUCT_NAME = "$(TARGET_NAME)";
				SUPPORTED_PLATFORMS = "iphoneos iphonesimulator";
				SUPPORTS_MACCATALYST = NO;
				SUPPORTS_MAC_DESIGNED_FOR_IPHONE_IPAD = NO;
				SUPPORTS_XR_DESIGNED_FOR_IPHONE_IPAD = NO;
				SWIFT_EMIT_LOC_STRINGS = YES;
				SWIFT_VERSION = 5.0;
				TARGETED_DEVICE_FAMILY = 1;
			};
			name = Release;
		};
/* End XCBuildConfiguration section */

/* Begin XCConfigurationList section */
		3C05A8FA2CBC3760000670C2 /* Build configuration list for PBXNativeTarget "TrackerTests" */ = {
			isa = XCConfigurationList;
			buildConfigurations = (
				3C05A8FB2CBC3760000670C2 /* Debug */,
				3C05A8FC2CBC3760000670C2 /* Release */,
			);
			defaultConfigurationIsVisible = 0;
			defaultConfigurationName = Release;
		};
		3C75B1BA2C77BF310045E709 /* Build configuration list for PBXProject "Tracker" */ = {
			isa = XCConfigurationList;
			buildConfigurations = (
				3C75B1D12C77BF330045E709 /* Debug */,
				3C75B1D22C77BF330045E709 /* Release */,
			);
			defaultConfigurationIsVisible = 0;
			defaultConfigurationName = Release;
		};
		3C75B1D32C77BF330045E709 /* Build configuration list for PBXNativeTarget "Tracker" */ = {
			isa = XCConfigurationList;
			buildConfigurations = (
				3C75B1D42C77BF330045E709 /* Debug */,
				3C75B1D52C77BF330045E709 /* Release */,
			);
			defaultConfigurationIsVisible = 0;
			defaultConfigurationName = Release;
		};
/* End XCConfigurationList section */

/* Begin XCRemoteSwiftPackageReference section */
		3C05A9002CBC3816000670C2 /* XCRemoteSwiftPackageReference "swift-snapshot-testing" */ = {
			isa = XCRemoteSwiftPackageReference;
			repositoryURL = "https://github.com/pointfreeco/swift-snapshot-testing";
			requirement = {
				kind = upToNextMajorVersion;
				minimumVersion = 1.17.5;
			};
		};
/* End XCRemoteSwiftPackageReference section */

/* Begin XCSwiftPackageProductDependency section */
		3C05A9012CBC3816000670C2 /* InlineSnapshotTesting */ = {
			isa = XCSwiftPackageProductDependency;
			package = 3C05A9002CBC3816000670C2 /* XCRemoteSwiftPackageReference "swift-snapshot-testing" */;
			productName = InlineSnapshotTesting;
		};
		3C05A9032CBC3816000670C2 /* SnapshotTesting */ = {
			isa = XCSwiftPackageProductDependency;
			package = 3C05A9002CBC3816000670C2 /* XCRemoteSwiftPackageReference "swift-snapshot-testing" */;
			productName = SnapshotTesting;
		};
/* End XCSwiftPackageProductDependency section */

/* Begin XCVersionGroup section */
		3C1EBC922C99E1E8006E0D02 /* TrackersDataBase.xcdatamodeld */ = {
			isa = XCVersionGroup;
			children = (
				3C1EBC932C99E1E8006E0D02 /* Model.xcdatamodel */,
			);
			currentVersion = 3C1EBC932C99E1E8006E0D02 /* Model.xcdatamodel */;
			path = TrackersDataBase.xcdatamodeld;
			sourceTree = "<group>";
			versionGroupType = wrapper.xcdatamodel;
		};
/* End XCVersionGroup section */
	};
	rootObject = 3C75B1B72C77BF310045E709 /* Project object */;
}
